// !$*UTF8*$!
{
	archiveVersion = 1;
	classes = {
	};
	objectVersion = 60;
	objects = {

/* Begin PBXBuildFile section */
		0A04DA272C242A2F008F4793 /* TestEscapeSpecialCharacters.swift in Sources */ = {isa = PBXBuildFile; fileRef = 0A04DA262C242A2F008F4793 /* TestEscapeSpecialCharacters.swift */; };
		0A04ED142C27303400AF7097 /* TodoItemListView.swift in Sources */ = {isa = PBXBuildFile; fileRef = 0A04ED132C27303400AF7097 /* TodoItemListView.swift */; };
		0A04ED162C27308000AF7097 /* DetailTodoItemView.swift in Sources */ = {isa = PBXBuildFile; fileRef = 0A04ED152C27308000AF7097 /* DetailTodoItemView.swift */; };
		0A3202B82C1C67C900427B05 /* Assets.xcassets in Resources */ = {isa = PBXBuildFile; fileRef = 0A3202B72C1C67C900427B05 /* Assets.xcassets */; };
		0A3202BB2C1C67C900427B05 /* Preview Assets.xcassets in Resources */ = {isa = PBXBuildFile; fileRef = 0A3202BA2C1C67C900427B05 /* Preview Assets.xcassets */; };
		0A3202CF2C1C67C900427B05 /* DailyDeedsUITests.swift in Sources */ = {isa = PBXBuildFile; fileRef = 0A3202CE2C1C67C900427B05 /* DailyDeedsUITests.swift */; };
		0A3202D12C1C67C900427B05 /* DailyDeedsUITestsLaunchTests.swift in Sources */ = {isa = PBXBuildFile; fileRef = 0A3202D02C1C67C900427B05 /* DailyDeedsUITestsLaunchTests.swift */; };
		0A3202DE2C1C6A0B00427B05 /* LICENSE.txt in Resources */ = {isa = PBXBuildFile; fileRef = 0A3202DD2C1C6A0B00427B05 /* LICENSE.txt */; };
		0A3202E02C1C6A1500427B05 /* README.md in Resources */ = {isa = PBXBuildFile; fileRef = 0A3202DF2C1C6A1500427B05 /* README.md */; };
		0A3202E22C1C6A8900427B05 /* .gitignore in Resources */ = {isa = PBXBuildFile; fileRef = 0A3202E12C1C6A8900427B05 /* .gitignore */; };
		0A373A992C28BA3500A9290B /* DailyDeedsApp.swift in Sources */ = {isa = PBXBuildFile; fileRef = 0A373A982C28BA3500A9290B /* DailyDeedsApp.swift */; };
		0A373A9C2C28BADB00A9290B /* TodoItemModel.swift in Sources */ = {isa = PBXBuildFile; fileRef = 0A373A9B2C28BADB00A9290B /* TodoItemModel.swift */; };
		0A54122E2C34437700B75AE1 /* ItemSection.swift in Sources */ = {isa = PBXBuildFile; fileRef = 0A54122D2C34437700B75AE1 /* ItemSection.swift */; };
		0A5412332C34642800B75AE1 /* Category.swift in Sources */ = {isa = PBXBuildFile; fileRef = 0A5412322C34642800B75AE1 /* Category.swift */; };
		0A554E642C1ED4D30068360C /* TodoItemModelTesting.swift in Sources */ = {isa = PBXBuildFile; fileRef = 0A554E632C1ED4D30068360C /* TodoItemModelTesting.swift */; };
		0A63EC662C1CC091005ED49D /* TodoItem.swift in Sources */ = {isa = PBXBuildFile; fileRef = 0A63EC642C1CC091005ED49D /* TodoItem.swift */; };
		0A63EC672C1CC091005ED49D /* JSONParsable.swift in Sources */ = {isa = PBXBuildFile; fileRef = 0A63EC632C1CC091005ED49D /* JSONParsable.swift */; };
		0A63EC692C1CC66C005ED49D /* KeyPathComparable.swift in Sources */ = {isa = PBXBuildFile; fileRef = 0A63EC682C1CC66C005ED49D /* KeyPathComparable.swift */; };
		0A63EC6F2C1CD43B005ED49D /* CSVParsable.swift in Sources */ = {isa = PBXBuildFile; fileRef = 0A63EC6E2C1CD434005ED49D /* CSVParsable.swift */; };
		0A63EC742C1CE1BC005ED49D /* TestTodoItem.swift in Sources */ = {isa = PBXBuildFile; fileRef = 0A63EC732C1CE1BC005ED49D /* TestTodoItem.swift */; };
		0A63EC762C1CE320005ED49D /* TestKeyPathComparable.swift in Sources */ = {isa = PBXBuildFile; fileRef = 0A63EC752C1CE320005ED49D /* TestKeyPathComparable.swift */; };
		0A63EC782C1CE34F005ED49D /* TestCSVParsable.swift in Sources */ = {isa = PBXBuildFile; fileRef = 0A63EC772C1CE34F005ED49D /* TestCSVParsable.swift */; };
		0A63EC7A2C1CE9EF005ED49D /* TestJSONParsable.swift in Sources */ = {isa = PBXBuildFile; fileRef = 0A63EC792C1CE9EF005ED49D /* TestJSONParsable.swift */; };
		0A77CFBD2C32866000B2F812 /* UIComponents in Frameworks */ = {isa = PBXBuildFile; productRef = 0A77CFBC2C32866000B2F812 /* UIComponents */; };
		0A77CFC02C32871900B2F812 /* SnapKit in Frameworks */ = {isa = PBXBuildFile; productRef = 0A77CFBF2C32871900B2F812 /* SnapKit */; };
		0A77CFC72C32A6BF00B2F812 /* CalendarTableViewCell.swift in Sources */ = {isa = PBXBuildFile; fileRef = 0A77CFC62C32A6BF00B2F812 /* CalendarTableViewCell.swift */; };
		0A77CFCA2C32AC0500B2F812 /* TableViewHeaderView.swift in Sources */ = {isa = PBXBuildFile; fileRef = 0A77CFC92C32AC0500B2F812 /* TableViewHeaderView.swift */; };
		0A7EEF212C31A7EA009553B7 /* GradientCircleView.swift in Sources */ = {isa = PBXBuildFile; fileRef = 0A7EEF202C31A7EA009553B7 /* GradientCircleView.swift */; };
		0A7EEF242C31A97B009553B7 /* ColorPickerRowView.swift in Sources */ = {isa = PBXBuildFile; fileRef = 0A7EEF232C31A97B009553B7 /* ColorPickerRowView.swift */; };
		0A7EEF262C31AAC5009553B7 /* ToolbarButtonKeyboard.swift in Sources */ = {isa = PBXBuildFile; fileRef = 0A7EEF252C31AAC5009553B7 /* ToolbarButtonKeyboard.swift */; };
		0A7EEF282C31AB9F009553B7 /* DefaultKeyboardView.swift in Sources */ = {isa = PBXBuildFile; fileRef = 0A7EEF272C31AB9F009553B7 /* DefaultKeyboardView.swift */; };
		0A7EEF2A2C31AE8D009553B7 /* DeadlineToggleView.swift in Sources */ = {isa = PBXBuildFile; fileRef = 0A7EEF292C31AE8D009553B7 /* DeadlineToggleView.swift */; };
		0A854F1D2C31D8A3008C5A43 /* CalendarViewController.swift in Sources */ = {isa = PBXBuildFile; fileRef = 0A854F1C2C31D8A3008C5A43 /* CalendarViewController.swift */; };
		0A854F202C31DA15008C5A43 /* CalendarViewModel.swift in Sources */ = {isa = PBXBuildFile; fileRef = 0A854F1F2C31DA15008C5A43 /* CalendarViewModel.swift */; };
		0A8918132C3BF90200C330B3 /* FileCache in Frameworks */ = {isa = PBXBuildFile; productRef = 0A8918122C3BF90200C330B3 /* FileCache */; };
		0A8925F42C287CBC001C39F2 /* CheckmarkView.swift in Sources */ = {isa = PBXBuildFile; fileRef = 0A8925F32C287CBC001C39F2 /* CheckmarkView.swift */; };
		0A8925FE2C28850E001C39F2 /* ImportancePicker.swift in Sources */ = {isa = PBXBuildFile; fileRef = 0A8925FD2C28850E001C39F2 /* ImportancePicker.swift */; };
		0A8926122C28A9B0001C39F2 /* CreateTodoItemButton.swift in Sources */ = {isa = PBXBuildFile; fileRef = 0A8926112C28A9AF001C39F2 /* CreateTodoItemButton.swift */; };
		0A89261C2C28AE01001C39F2 /* ImportanceView.swift in Sources */ = {isa = PBXBuildFile; fileRef = 0A89261B2C28AE01001C39F2 /* ImportanceView.swift */; };
		0A89CCE62C2EF847006F9BF7 /* RegularVerticalDetailView.swift in Sources */ = {isa = PBXBuildFile; fileRef = 0A89CCE42C2EF847006F9BF7 /* RegularVerticalDetailView.swift */; };
		0A89CCE72C2EF847006F9BF7 /* CompactVerticalDetailView.swift in Sources */ = {isa = PBXBuildFile; fileRef = 0A89CCE52C2EF847006F9BF7 /* CompactVerticalDetailView.swift */; };
		0A89CCF42C2F5907006F9BF7 /* CustomColotPicker.swift in Sources */ = {isa = PBXBuildFile; fileRef = 0A89CCF32C2F5907006F9BF7 /* CustomColotPicker.swift */; };
		0A89CCF62C2F642C006F9BF7 /* ColorGradientCircleView.swift in Sources */ = {isa = PBXBuildFile; fileRef = 0A89CCF52C2F642C006F9BF7 /* ColorGradientCircleView.swift */; };
		0A89CCF92C2F6B75006F9BF7 /* ColorPalette.swift in Sources */ = {isa = PBXBuildFile; fileRef = 0A89CCF82C2F6B74006F9BF7 /* ColorPalette.swift */; };
		0A89CCFD2C2F7BBB006F9BF7 /* CustomSheetModifier.swift in Sources */ = {isa = PBXBuildFile; fileRef = 0A89CCFC2C2F7BBB006F9BF7 /* CustomSheetModifier.swift */; };
		0A89CD022C2F7E77006F9BF7 /* View.swift in Sources */ = {isa = PBXBuildFile; fileRef = 0A89CD012C2F7E77006F9BF7 /* View.swift */; };
		0A91349F2C2DD3F200697091 /* Settings.swift in Sources */ = {isa = PBXBuildFile; fileRef = 0A91349E2C2DD3F200697091 /* Settings.swift */; };
		0A9230492C30AE4400BFA4E2 /* InterfaceOrientation.swift in Sources */ = {isa = PBXBuildFile; fileRef = 0A9230482C30AE4400BFA4E2 /* InterfaceOrientation.swift */; };
		0A92304F2C30B81700BFA4E2 /* ScrollContentBackground.swift in Sources */ = {isa = PBXBuildFile; fileRef = 0A92304E2C30B81700BFA4E2 /* ScrollContentBackground.swift */; };
		0A94ACD32C3BDEBB00F5BBC6 /* CocoaLumberjackSwift in Frameworks */ = {isa = PBXBuildFile; productRef = 0A94ACD22C3BDEBB00F5BBC6 /* CocoaLumberjackSwift */; };
		0AA5E0842C37F5AA00AE7002 /* CategoryPickerListView.swift in Sources */ = {isa = PBXBuildFile; fileRef = 0AA5E0832C37F5AA00AE7002 /* CategoryPickerListView.swift */; };
		0AA5E0862C37F5E600AE7002 /* CreateNewCategoryView.swift in Sources */ = {isa = PBXBuildFile; fileRef = 0AA5E0852C37F5E600AE7002 /* CreateNewCategoryView.swift */; };
		0AA5E0882C37FC1F00AE7002 /* Categories.swift in Sources */ = {isa = PBXBuildFile; fileRef = 0AA5E0872C37FC1F00AE7002 /* Categories.swift */; };
		0AAF43FF2C27389F000FE268 /* ListRowItemView.swift in Sources */ = {isa = PBXBuildFile; fileRef = 0AAF43FE2C27389F000FE268 /* ListRowItemView.swift */; };
		0AB3E3552C31DCEE00807EE0 /* CalendarCollectionViewCell.swift in Sources */ = {isa = PBXBuildFile; fileRef = 0AB3E3542C31DCEE00807EE0 /* CalendarCollectionViewCell.swift */; };
		0AB3E3E82C31F9B900807EE0 /* CalendarViewControllerRepresentable.swift in Sources */ = {isa = PBXBuildFile; fileRef = 0AB3E3E72C31F9B900807EE0 /* CalendarViewControllerRepresentable.swift */; };
		0ABC266C2C3D16EF004BC47A /* URLSession.swift in Sources */ = {isa = PBXBuildFile; fileRef = 0ABC266B2C3D16EF004BC47A /* URLSession.swift */; };
		0ABC266F2C3D23F3004BC47A /* URLSessionWorkingTests.swift in Sources */ = {isa = PBXBuildFile; fileRef = 0ABC266E2C3D23F3004BC47A /* URLSessionWorkingTests.swift */; };
		0ABC26712C3D25BC004BC47A /* URLSessionErrorsTests.swift in Sources */ = {isa = PBXBuildFile; fileRef = 0ABC26702C3D25BC004BC47A /* URLSessionErrorsTests.swift */; };
		0AD1BA102C2C4683002FF476 /* MutableTodoItem.swift in Sources */ = {isa = PBXBuildFile; fileRef = 0AD1BA0F2C2C4683002FF476 /* MutableTodoItem.swift */; };
		0AD1BA142C2C4811002FF476 /* SortingTodoItems.swift in Sources */ = {isa = PBXBuildFile; fileRef = 0AD1BA132C2C4811002FF476 /* SortingTodoItems.swift */; };
		0AD1BA172C2C4C72002FF476 /* Bool.swift in Sources */ = {isa = PBXBuildFile; fileRef = 0AD1BA162C2C4C72002FF476 /* Bool.swift */; };
		0AD1BA322C2CC256002FF476 /* Color.swift in Sources */ = {isa = PBXBuildFile; fileRef = 0AD1BA312C2CC256002FF476 /* Color.swift */; };
		0AD1BA4C2C2D5A40002FF476 /* CreateNewTodoItemRowView.swift in Sources */ = {isa = PBXBuildFile; fileRef = 0AD1BA4B2C2D5A40002FF476 /* CreateNewTodoItemRowView.swift */; };
		0AE192072C30A97F003B8924 /* ListTodoItemViewModel.swift in Sources */ = {isa = PBXBuildFile; fileRef = 0AE192062C30A97F003B8924 /* ListTodoItemViewModel.swift */; };
		0AE5D6A62C3481A700E27E12 /* UIColor.swift in Sources */ = {isa = PBXBuildFile; fileRef = 0AE5D6A52C3481A700E27E12 /* UIColor.swift */; };
		0AEEEE582C35BA810029438E /* DateInfo.swift in Sources */ = {isa = PBXBuildFile; fileRef = 0AEEEE572C35BA810029438E /* DateInfo.swift */; };
		0AF113032C36F36A009181F9 /* CategoryPickerRow.swift in Sources */ = {isa = PBXBuildFile; fileRef = 0AF113022C36F36A009181F9 /* CategoryPickerRow.swift */; };
		0AF113052C370FFE009181F9 /* IBaseTodoItemViewModel.swift in Sources */ = {isa = PBXBuildFile; fileRef = 0AF113042C370FFE009181F9 /* IBaseTodoItemViewModel.swift */; };
		0AF6F21D2C208F760043866B /* Collection.swift in Sources */ = {isa = PBXBuildFile; fileRef = 0AF6F21C2C208F760043866B /* Collection.swift */; };
		0AF6F22E2C20B30E0043866B /* JSONBuilder.swift in Sources */ = {isa = PBXBuildFile; fileRef = 0AF6F22D2C20B30E0043866B /* JSONBuilder.swift */; };
		0AF6F2322C20B59E0043866B /* CSVBuilder.swift in Sources */ = {isa = PBXBuildFile; fileRef = 0AF6F2312C20B59E0043866B /* CSVBuilder.swift */; };
		0AFA4ABB2C3BD03D00C4D58A /* swiftlint.yml in Resources */ = {isa = PBXBuildFile; fileRef = 0AFA4ABA2C3BD03D00C4D58A /* swiftlint.yml */; };
		0AFA4ABE2C3BD25000C4D58A /* CocoaLumberjack in Frameworks */ = {isa = PBXBuildFile; productRef = 0AFA4ABD2C3BD25000C4D58A /* CocoaLumberjack */; };
		0CB1BBEA13E270240E0787F9 /* Pods_DailyDeeds.framework in Frameworks */ = {isa = PBXBuildFile; fileRef = 24276E5781A5163EEC36FEB2 /* Pods_DailyDeeds.framework */; };
		2D651AF69E13D8C1B6AFAE3D /* Pods_DailyDeedsTests.framework in Frameworks */ = {isa = PBXBuildFile; fileRef = 7822B37F8C565B5ADDAFE11E /* Pods_DailyDeedsTests.framework */; };
		3C534937B485202ADD8D1C27 /* Pods_DailyDeeds_DailyDeedsUITests.framework in Frameworks */ = {isa = PBXBuildFile; fileRef = E6798F079479BC15ECCE1183 /* Pods_DailyDeeds_DailyDeedsUITests.framework */; };
/* End PBXBuildFile section */

/* Begin PBXContainerItemProxy section */
		0A3202C12C1C67C900427B05 /* PBXContainerItemProxy */ = {
			isa = PBXContainerItemProxy;
			containerPortal = 0A3202A82C1C67C800427B05 /* Project object */;
			proxyType = 1;
			remoteGlobalIDString = 0A3202AF2C1C67C800427B05;
			remoteInfo = DailyDeeds;
		};
		0A3202CB2C1C67C900427B05 /* PBXContainerItemProxy */ = {
			isa = PBXContainerItemProxy;
			containerPortal = 0A3202A82C1C67C800427B05 /* Project object */;
			proxyType = 1;
			remoteGlobalIDString = 0A3202AF2C1C67C800427B05;
			remoteInfo = DailyDeeds;
		};
/* End PBXContainerItemProxy section */

/* Begin PBXCopyFilesBuildPhase section */
		0AB3E3512C31DBA400807EE0 /* Embed Frameworks */ = {
			isa = PBXCopyFilesBuildPhase;
			buildActionMask = 2147483647;
			dstPath = "";
			dstSubfolderSpec = 10;
			files = (
			);
			name = "Embed Frameworks";
			runOnlyForDeploymentPostprocessing = 0;
		};
/* End PBXCopyFilesBuildPhase section */

/* Begin PBXFileReference section */
		0A04DA262C242A2F008F4793 /* TestEscapeSpecialCharacters.swift */ = {isa = PBXFileReference; lastKnownFileType = sourcecode.swift; path = TestEscapeSpecialCharacters.swift; sourceTree = "<group>"; };
		0A04ED132C27303400AF7097 /* TodoItemListView.swift */ = {isa = PBXFileReference; lastKnownFileType = sourcecode.swift; path = TodoItemListView.swift; sourceTree = "<group>"; };
		0A04ED152C27308000AF7097 /* DetailTodoItemView.swift */ = {isa = PBXFileReference; lastKnownFileType = sourcecode.swift; path = DetailTodoItemView.swift; sourceTree = "<group>"; };
		0A3202B02C1C67C800427B05 /* DailyDeeds.app */ = {isa = PBXFileReference; explicitFileType = wrapper.application; includeInIndex = 0; path = DailyDeeds.app; sourceTree = BUILT_PRODUCTS_DIR; };
		0A3202B72C1C67C900427B05 /* Assets.xcassets */ = {isa = PBXFileReference; lastKnownFileType = folder.assetcatalog; path = Assets.xcassets; sourceTree = "<group>"; };
		0A3202BA2C1C67C900427B05 /* Preview Assets.xcassets */ = {isa = PBXFileReference; lastKnownFileType = folder.assetcatalog; path = "Preview Assets.xcassets"; sourceTree = "<group>"; };
		0A3202C02C1C67C900427B05 /* DailyDeedsTests.xctest */ = {isa = PBXFileReference; explicitFileType = wrapper.cfbundle; includeInIndex = 0; path = DailyDeedsTests.xctest; sourceTree = BUILT_PRODUCTS_DIR; };
		0A3202CA2C1C67C900427B05 /* DailyDeedsUITests.xctest */ = {isa = PBXFileReference; explicitFileType = wrapper.cfbundle; includeInIndex = 0; path = DailyDeedsUITests.xctest; sourceTree = BUILT_PRODUCTS_DIR; };
		0A3202CE2C1C67C900427B05 /* DailyDeedsUITests.swift */ = {isa = PBXFileReference; lastKnownFileType = sourcecode.swift; path = DailyDeedsUITests.swift; sourceTree = "<group>"; };
		0A3202D02C1C67C900427B05 /* DailyDeedsUITestsLaunchTests.swift */ = {isa = PBXFileReference; lastKnownFileType = sourcecode.swift; path = DailyDeedsUITestsLaunchTests.swift; sourceTree = "<group>"; };
		0A3202DD2C1C6A0B00427B05 /* LICENSE.txt */ = {isa = PBXFileReference; lastKnownFileType = text; path = LICENSE.txt; sourceTree = "<group>"; };
		0A3202DF2C1C6A1500427B05 /* README.md */ = {isa = PBXFileReference; lastKnownFileType = net.daringfireball.markdown; path = README.md; sourceTree = "<group>"; };
		0A3202E12C1C6A8900427B05 /* .gitignore */ = {isa = PBXFileReference; lastKnownFileType = text; path = .gitignore; sourceTree = "<group>"; };
		0A373A982C28BA3500A9290B /* DailyDeedsApp.swift */ = {isa = PBXFileReference; lastKnownFileType = sourcecode.swift; path = DailyDeedsApp.swift; sourceTree = "<group>"; };
		0A373A9B2C28BADB00A9290B /* TodoItemModel.swift */ = {isa = PBXFileReference; lastKnownFileType = sourcecode.swift; path = TodoItemModel.swift; sourceTree = "<group>"; };
		0A54122D2C34437700B75AE1 /* ItemSection.swift */ = {isa = PBXFileReference; lastKnownFileType = sourcecode.swift; path = ItemSection.swift; sourceTree = "<group>"; };
		0A5412322C34642800B75AE1 /* Category.swift */ = {isa = PBXFileReference; lastKnownFileType = sourcecode.swift; path = Category.swift; sourceTree = "<group>"; };
		0A554E632C1ED4D30068360C /* TodoItemModelTesting.swift */ = {isa = PBXFileReference; lastKnownFileType = sourcecode.swift; path = TodoItemModelTesting.swift; sourceTree = "<group>"; };
		0A63EC632C1CC091005ED49D /* JSONParsable.swift */ = {isa = PBXFileReference; lastKnownFileType = sourcecode.swift; path = JSONParsable.swift; sourceTree = "<group>"; };
		0A63EC642C1CC091005ED49D /* TodoItem.swift */ = {isa = PBXFileReference; lastKnownFileType = sourcecode.swift; path = TodoItem.swift; sourceTree = "<group>"; };
		0A63EC682C1CC66C005ED49D /* KeyPathComparable.swift */ = {isa = PBXFileReference; lastKnownFileType = sourcecode.swift; path = KeyPathComparable.swift; sourceTree = "<group>"; };
		0A63EC6E2C1CD434005ED49D /* CSVParsable.swift */ = {isa = PBXFileReference; lastKnownFileType = sourcecode.swift; path = CSVParsable.swift; sourceTree = "<group>"; };
		0A63EC732C1CE1BC005ED49D /* TestTodoItem.swift */ = {isa = PBXFileReference; lastKnownFileType = sourcecode.swift; path = TestTodoItem.swift; sourceTree = "<group>"; };
		0A63EC752C1CE320005ED49D /* TestKeyPathComparable.swift */ = {isa = PBXFileReference; lastKnownFileType = sourcecode.swift; path = TestKeyPathComparable.swift; sourceTree = "<group>"; };
		0A63EC772C1CE34F005ED49D /* TestCSVParsable.swift */ = {isa = PBXFileReference; lastKnownFileType = sourcecode.swift; path = TestCSVParsable.swift; sourceTree = "<group>"; };
		0A63EC792C1CE9EF005ED49D /* TestJSONParsable.swift */ = {isa = PBXFileReference; lastKnownFileType = sourcecode.swift; path = TestJSONParsable.swift; sourceTree = "<group>"; };
		0A63EC7B2C1CEEE4005ED49D /* DailyDeeds.xctestplan */ = {isa = PBXFileReference; lastKnownFileType = text; path = DailyDeeds.xctestplan; sourceTree = "<group>"; };
		0A77CFC62C32A6BF00B2F812 /* CalendarTableViewCell.swift */ = {isa = PBXFileReference; lastKnownFileType = sourcecode.swift; path = CalendarTableViewCell.swift; sourceTree = "<group>"; };
		0A77CFC92C32AC0500B2F812 /* TableViewHeaderView.swift */ = {isa = PBXFileReference; lastKnownFileType = sourcecode.swift; path = TableViewHeaderView.swift; sourceTree = "<group>"; };
		0A7EEF202C31A7EA009553B7 /* GradientCircleView.swift */ = {isa = PBXFileReference; lastKnownFileType = sourcecode.swift; path = GradientCircleView.swift; sourceTree = "<group>"; };
		0A7EEF232C31A97B009553B7 /* ColorPickerRowView.swift */ = {isa = PBXFileReference; lastKnownFileType = sourcecode.swift; path = ColorPickerRowView.swift; sourceTree = "<group>"; };
		0A7EEF252C31AAC5009553B7 /* ToolbarButtonKeyboard.swift */ = {isa = PBXFileReference; lastKnownFileType = sourcecode.swift; path = ToolbarButtonKeyboard.swift; sourceTree = "<group>"; };
		0A7EEF272C31AB9F009553B7 /* DefaultKeyboardView.swift */ = {isa = PBXFileReference; lastKnownFileType = sourcecode.swift; path = DefaultKeyboardView.swift; sourceTree = "<group>"; };
		0A7EEF292C31AE8D009553B7 /* DeadlineToggleView.swift */ = {isa = PBXFileReference; lastKnownFileType = sourcecode.swift; path = DeadlineToggleView.swift; sourceTree = "<group>"; };
		0A854F1C2C31D8A3008C5A43 /* CalendarViewController.swift */ = {isa = PBXFileReference; lastKnownFileType = sourcecode.swift; path = CalendarViewController.swift; sourceTree = "<group>"; };
		0A854F1F2C31DA15008C5A43 /* CalendarViewModel.swift */ = {isa = PBXFileReference; lastKnownFileType = sourcecode.swift; path = CalendarViewModel.swift; sourceTree = "<group>"; };
		0A8925F32C287CBC001C39F2 /* CheckmarkView.swift */ = {isa = PBXFileReference; lastKnownFileType = sourcecode.swift; path = CheckmarkView.swift; sourceTree = "<group>"; };
		0A8925FD2C28850E001C39F2 /* ImportancePicker.swift */ = {isa = PBXFileReference; lastKnownFileType = sourcecode.swift; path = ImportancePicker.swift; sourceTree = "<group>"; };
		0A8926112C28A9AF001C39F2 /* CreateTodoItemButton.swift */ = {isa = PBXFileReference; lastKnownFileType = sourcecode.swift; path = CreateTodoItemButton.swift; sourceTree = "<group>"; };
		0A89261B2C28AE01001C39F2 /* ImportanceView.swift */ = {isa = PBXFileReference; lastKnownFileType = sourcecode.swift; path = ImportanceView.swift; sourceTree = "<group>"; };
		0A89CCE42C2EF847006F9BF7 /* RegularVerticalDetailView.swift */ = {isa = PBXFileReference; lastKnownFileType = sourcecode.swift; path = RegularVerticalDetailView.swift; sourceTree = "<group>"; };
		0A89CCE52C2EF847006F9BF7 /* CompactVerticalDetailView.swift */ = {isa = PBXFileReference; lastKnownFileType = sourcecode.swift; path = CompactVerticalDetailView.swift; sourceTree = "<group>"; };
		0A89CCF32C2F5907006F9BF7 /* CustomColotPicker.swift */ = {isa = PBXFileReference; lastKnownFileType = sourcecode.swift; path = CustomColotPicker.swift; sourceTree = "<group>"; };
		0A89CCF52C2F642C006F9BF7 /* ColorGradientCircleView.swift */ = {isa = PBXFileReference; lastKnownFileType = sourcecode.swift; path = ColorGradientCircleView.swift; sourceTree = "<group>"; };
		0A89CCF82C2F6B74006F9BF7 /* ColorPalette.swift */ = {isa = PBXFileReference; lastKnownFileType = sourcecode.swift; path = ColorPalette.swift; sourceTree = "<group>"; };
		0A89CCFC2C2F7BBB006F9BF7 /* CustomSheetModifier.swift */ = {isa = PBXFileReference; lastKnownFileType = sourcecode.swift; path = CustomSheetModifier.swift; sourceTree = "<group>"; };
		0A89CD012C2F7E77006F9BF7 /* View.swift */ = {isa = PBXFileReference; lastKnownFileType = sourcecode.swift; path = View.swift; sourceTree = "<group>"; };
		0A91349E2C2DD3F200697091 /* Settings.swift */ = {isa = PBXFileReference; lastKnownFileType = sourcecode.swift; path = Settings.swift; sourceTree = "<group>"; };
		0A9230482C30AE4400BFA4E2 /* InterfaceOrientation.swift */ = {isa = PBXFileReference; lastKnownFileType = sourcecode.swift; path = InterfaceOrientation.swift; sourceTree = "<group>"; };
		0A92304E2C30B81700BFA4E2 /* ScrollContentBackground.swift */ = {isa = PBXFileReference; lastKnownFileType = sourcecode.swift; path = ScrollContentBackground.swift; sourceTree = "<group>"; };
		0AA5E0832C37F5AA00AE7002 /* CategoryPickerListView.swift */ = {isa = PBXFileReference; lastKnownFileType = sourcecode.swift; path = CategoryPickerListView.swift; sourceTree = "<group>"; };
		0AA5E0852C37F5E600AE7002 /* CreateNewCategoryView.swift */ = {isa = PBXFileReference; lastKnownFileType = sourcecode.swift; path = CreateNewCategoryView.swift; sourceTree = "<group>"; };
		0AA5E0872C37FC1F00AE7002 /* Categories.swift */ = {isa = PBXFileReference; lastKnownFileType = sourcecode.swift; path = Categories.swift; sourceTree = "<group>"; };
		0AAF43FE2C27389F000FE268 /* ListRowItemView.swift */ = {isa = PBXFileReference; lastKnownFileType = sourcecode.swift; path = ListRowItemView.swift; sourceTree = "<group>"; };
		0AB3E3542C31DCEE00807EE0 /* CalendarCollectionViewCell.swift */ = {isa = PBXFileReference; lastKnownFileType = sourcecode.swift; path = CalendarCollectionViewCell.swift; sourceTree = "<group>"; };
		0AB3E3E72C31F9B900807EE0 /* CalendarViewControllerRepresentable.swift */ = {isa = PBXFileReference; lastKnownFileType = sourcecode.swift; path = CalendarViewControllerRepresentable.swift; sourceTree = "<group>"; };
		0ABC266B2C3D16EF004BC47A /* URLSession.swift */ = {isa = PBXFileReference; lastKnownFileType = sourcecode.swift; path = URLSession.swift; sourceTree = "<group>"; };
		0ABC266E2C3D23F3004BC47A /* URLSessionWorkingTests.swift */ = {isa = PBXFileReference; lastKnownFileType = sourcecode.swift; path = URLSessionWorkingTests.swift; sourceTree = "<group>"; };
		0ABC26702C3D25BC004BC47A /* URLSessionErrorsTests.swift */ = {isa = PBXFileReference; lastKnownFileType = sourcecode.swift; path = URLSessionErrorsTests.swift; sourceTree = "<group>"; };
		0AD1BA0F2C2C4683002FF476 /* MutableTodoItem.swift */ = {isa = PBXFileReference; lastKnownFileType = sourcecode.swift; path = MutableTodoItem.swift; sourceTree = "<group>"; };
		0AD1BA132C2C4811002FF476 /* SortingTodoItems.swift */ = {isa = PBXFileReference; lastKnownFileType = sourcecode.swift; path = SortingTodoItems.swift; sourceTree = "<group>"; };
		0AD1BA162C2C4C72002FF476 /* Bool.swift */ = {isa = PBXFileReference; lastKnownFileType = sourcecode.swift; path = Bool.swift; sourceTree = "<group>"; };
		0AD1BA312C2CC256002FF476 /* Color.swift */ = {isa = PBXFileReference; lastKnownFileType = sourcecode.swift; path = Color.swift; sourceTree = "<group>"; };
		0AD1BA4B2C2D5A40002FF476 /* CreateNewTodoItemRowView.swift */ = {isa = PBXFileReference; lastKnownFileType = sourcecode.swift; path = CreateNewTodoItemRowView.swift; sourceTree = "<group>"; };
		0AE192062C30A97F003B8924 /* ListTodoItemViewModel.swift */ = {isa = PBXFileReference; lastKnownFileType = sourcecode.swift; path = ListTodoItemViewModel.swift; sourceTree = "<group>"; };
		0AE5D6A52C3481A700E27E12 /* UIColor.swift */ = {isa = PBXFileReference; lastKnownFileType = sourcecode.swift; path = UIColor.swift; sourceTree = "<group>"; };
		0AEEEE572C35BA810029438E /* DateInfo.swift */ = {isa = PBXFileReference; lastKnownFileType = sourcecode.swift; path = DateInfo.swift; sourceTree = "<group>"; };
		0AF113022C36F36A009181F9 /* CategoryPickerRow.swift */ = {isa = PBXFileReference; lastKnownFileType = sourcecode.swift; path = CategoryPickerRow.swift; sourceTree = "<group>"; };
		0AF113042C370FFE009181F9 /* IBaseTodoItemViewModel.swift */ = {isa = PBXFileReference; lastKnownFileType = sourcecode.swift; path = IBaseTodoItemViewModel.swift; sourceTree = "<group>"; };
		0AF6F21C2C208F760043866B /* Collection.swift */ = {isa = PBXFileReference; lastKnownFileType = sourcecode.swift; path = Collection.swift; sourceTree = "<group>"; };
		0AF6F22D2C20B30E0043866B /* JSONBuilder.swift */ = {isa = PBXFileReference; lastKnownFileType = sourcecode.swift; path = JSONBuilder.swift; sourceTree = "<group>"; };
		0AF6F2312C20B59E0043866B /* CSVBuilder.swift */ = {isa = PBXFileReference; lastKnownFileType = sourcecode.swift; path = CSVBuilder.swift; sourceTree = "<group>"; };
		0AFA4ABA2C3BD03D00C4D58A /* swiftlint.yml */ = {isa = PBXFileReference; lastKnownFileType = text.yaml; path = swiftlint.yml; sourceTree = "<group>"; };
		15C6317EF2ED4A1B52E87114 /* Pods-DailyDeedsTests.release.xcconfig */ = {isa = PBXFileReference; includeInIndex = 1; lastKnownFileType = text.xcconfig; name = "Pods-DailyDeedsTests.release.xcconfig"; path = "Target Support Files/Pods-DailyDeedsTests/Pods-DailyDeedsTests.release.xcconfig"; sourceTree = "<group>"; };
		24276E5781A5163EEC36FEB2 /* Pods_DailyDeeds.framework */ = {isa = PBXFileReference; explicitFileType = wrapper.framework; includeInIndex = 0; path = Pods_DailyDeeds.framework; sourceTree = BUILT_PRODUCTS_DIR; };
		4F55D7E10290DC0924C44E67 /* Pods-DailyDeeds.debug.xcconfig */ = {isa = PBXFileReference; includeInIndex = 1; lastKnownFileType = text.xcconfig; name = "Pods-DailyDeeds.debug.xcconfig"; path = "Target Support Files/Pods-DailyDeeds/Pods-DailyDeeds.debug.xcconfig"; sourceTree = "<group>"; };
		7822B37F8C565B5ADDAFE11E /* Pods_DailyDeedsTests.framework */ = {isa = PBXFileReference; explicitFileType = wrapper.framework; includeInIndex = 0; path = Pods_DailyDeedsTests.framework; sourceTree = BUILT_PRODUCTS_DIR; };
		A3BFE5D58A039730A456F11A /* Pods-DailyDeeds-DailyDeedsUITests.release.xcconfig */ = {isa = PBXFileReference; includeInIndex = 1; lastKnownFileType = text.xcconfig; name = "Pods-DailyDeeds-DailyDeedsUITests.release.xcconfig"; path = "Target Support Files/Pods-DailyDeeds-DailyDeedsUITests/Pods-DailyDeeds-DailyDeedsUITests.release.xcconfig"; sourceTree = "<group>"; };
		D20B2226746B66B6BB537084 /* Pods-DailyDeeds.release.xcconfig */ = {isa = PBXFileReference; includeInIndex = 1; lastKnownFileType = text.xcconfig; name = "Pods-DailyDeeds.release.xcconfig"; path = "Target Support Files/Pods-DailyDeeds/Pods-DailyDeeds.release.xcconfig"; sourceTree = "<group>"; };
		D33877390059A5ECA4CF33E5 /* Pods-DailyDeedsTests.debug.xcconfig */ = {isa = PBXFileReference; includeInIndex = 1; lastKnownFileType = text.xcconfig; name = "Pods-DailyDeedsTests.debug.xcconfig"; path = "Target Support Files/Pods-DailyDeedsTests/Pods-DailyDeedsTests.debug.xcconfig"; sourceTree = "<group>"; };
		E6798F079479BC15ECCE1183 /* Pods_DailyDeeds_DailyDeedsUITests.framework */ = {isa = PBXFileReference; explicitFileType = wrapper.framework; includeInIndex = 0; path = Pods_DailyDeeds_DailyDeedsUITests.framework; sourceTree = BUILT_PRODUCTS_DIR; };
		E9DDE7A60E86F573D103457A /* Pods-DailyDeeds-DailyDeedsUITests.debug.xcconfig */ = {isa = PBXFileReference; includeInIndex = 1; lastKnownFileType = text.xcconfig; name = "Pods-DailyDeeds-DailyDeedsUITests.debug.xcconfig"; path = "Target Support Files/Pods-DailyDeeds-DailyDeedsUITests/Pods-DailyDeeds-DailyDeedsUITests.debug.xcconfig"; sourceTree = "<group>"; };
/* End PBXFileReference section */

/* Begin PBXFrameworksBuildPhase section */
		0A3202AD2C1C67C800427B05 /* Frameworks */ = {
			isa = PBXFrameworksBuildPhase;
			buildActionMask = 2147483647;
			files = (
				0A8918132C3BF90200C330B3 /* FileCache in Frameworks */,
				0AFA4ABE2C3BD25000C4D58A /* CocoaLumberjack in Frameworks */,
				0A77CFBD2C32866000B2F812 /* UIComponents in Frameworks */,
				0A94ACD32C3BDEBB00F5BBC6 /* CocoaLumberjackSwift in Frameworks */,
				0A77CFC02C32871900B2F812 /* SnapKit in Frameworks */,
				0CB1BBEA13E270240E0787F9 /* Pods_DailyDeeds.framework in Frameworks */,
			);
			runOnlyForDeploymentPostprocessing = 0;
		};
		0A3202BD2C1C67C900427B05 /* Frameworks */ = {
			isa = PBXFrameworksBuildPhase;
			buildActionMask = 2147483647;
			files = (
				2D651AF69E13D8C1B6AFAE3D /* Pods_DailyDeedsTests.framework in Frameworks */,
			);
			runOnlyForDeploymentPostprocessing = 0;
		};
		0A3202C72C1C67C900427B05 /* Frameworks */ = {
			isa = PBXFrameworksBuildPhase;
			buildActionMask = 2147483647;
			files = (
				3C534937B485202ADD8D1C27 /* Pods_DailyDeeds_DailyDeedsUITests.framework in Frameworks */,
			);
			runOnlyForDeploymentPostprocessing = 0;
		};
/* End PBXFrameworksBuildPhase section */

/* Begin PBXGroup section */
		0A04ED192C27355400AF7097 /* Sources */ = {
			isa = PBXGroup;
			children = (
				0A63EC6A2C1CCB36005ED49D /* Model */,
				0A54123B2C346C5600B75AE1 /* ViewModel */,
				0A54123C2C346D1300B75AE1 /* Views */,
				0A54123D2C346D3000B75AE1 /* SubScreens */,
			);
			path = Sources;
			sourceTree = "<group>";
		};
		0A1CC2D22C30C3D000E13477 /* CalendarScreen */ = {
			isa = PBXGroup;
			children = (
				0A77CFC82C32A8D900B2F812 /* Representative */,
				0AEEEE562C35BA620029438E /* Model */,
				0A54122F2C345CD300B75AE1 /* ViewModel */,
				0AB3E3592C31E8A800807EE0 /* Views */,
				0A854F1C2C31D8A3008C5A43 /* CalendarViewController.swift */,
			);
			path = CalendarScreen;
			sourceTree = "<group>";
		};
		0A3202A72C1C67C800427B05 = {
			isa = PBXGroup;
			children = (
				0A63EC7B2C1CEEE4005ED49D /* DailyDeeds.xctestplan */,
				0AFA4ABA2C3BD03D00C4D58A /* swiftlint.yml */,
				0A3202DD2C1C6A0B00427B05 /* LICENSE.txt */,
				0A3202E12C1C6A8900427B05 /* .gitignore */,
				0A3202DF2C1C6A1500427B05 /* README.md */,
				0A3202B22C1C67C800427B05 /* DailyDeeds */,
				0A3202C32C1C67C900427B05 /* DailyDeedsTests */,
				0A3202CD2C1C67C900427B05 /* DailyDeedsUITests */,
				0A3202B12C1C67C800427B05 /* Products */,
				0A7378AF2C32119E001F5842 /* Frameworks */,
				EFEE48D89377E100ED291318 /* Pods */,
			);
			sourceTree = "<group>";
		};
		0A3202B12C1C67C800427B05 /* Products */ = {
			isa = PBXGroup;
			children = (
				0A3202B02C1C67C800427B05 /* DailyDeeds.app */,
				0A3202C02C1C67C900427B05 /* DailyDeedsTests.xctest */,
				0A3202CA2C1C67C900427B05 /* DailyDeedsUITests.xctest */,
			);
			name = Products;
			sourceTree = "<group>";
		};
		0A3202B22C1C67C800427B05 /* DailyDeeds */ = {
			isa = PBXGroup;
			children = (
				0A373A982C28BA3500A9290B /* DailyDeedsApp.swift */,
				0A04ED192C27355400AF7097 /* Sources */,
				0A7F54AC2C276DBB009CDD8F /* Supporting Files */,
				0A3202B92C1C67C900427B05 /* Preview Content */,
			);
			path = DailyDeeds;
			sourceTree = "<group>";
		};
		0A3202B92C1C67C900427B05 /* Preview Content */ = {
			isa = PBXGroup;
			children = (
				0A3202BA2C1C67C900427B05 /* Preview Assets.xcassets */,
			);
			path = "Preview Content";
			sourceTree = "<group>";
		};
		0A3202C32C1C67C900427B05 /* DailyDeedsTests */ = {
			isa = PBXGroup;
			children = (
				0ABC266D2C3D23E9004BC47A /* Networking */,
				0A04DA262C242A2F008F4793 /* TestEscapeSpecialCharacters.swift */,
				0A554E612C1ED49D0068360C /* TodoItemModelTesting */,
				0A63EC702C1CD93D005ED49D /* TodoItemTesting */,
			);
			path = DailyDeedsTests;
			sourceTree = "<group>";
		};
		0A3202CD2C1C67C900427B05 /* DailyDeedsUITests */ = {
			isa = PBXGroup;
			children = (
				0A3202CE2C1C67C900427B05 /* DailyDeedsUITests.swift */,
				0A3202D02C1C67C900427B05 /* DailyDeedsUITestsLaunchTests.swift */,
			);
			path = DailyDeedsUITests;
			sourceTree = "<group>";
		};
		0A3A7C182C2B2DB7000CDDB9 /* Resources */ = {
			isa = PBXGroup;
			children = (
				0A3202B72C1C67C900427B05 /* Assets.xcassets */,
			);
			path = Resources;
			sourceTree = "<group>";
		};
		0A54122C2C34436800B75AE1 /* Subviews */ = {
			isa = PBXGroup;
			children = (
				0A8925FD2C28850E001C39F2 /* ImportancePicker.swift */,
				0A7EEF292C31AE8D009553B7 /* DeadlineToggleView.swift */,
				0A7EEF272C31AB9F009553B7 /* DefaultKeyboardView.swift */,
				0A54122D2C34437700B75AE1 /* ItemSection.swift */,
			);
			path = Subviews;
			sourceTree = "<group>";
		};
		0A54122F2C345CD300B75AE1 /* ViewModel */ = {
			isa = PBXGroup;
			children = (
				0A854F1F2C31DA15008C5A43 /* CalendarViewModel.swift */,
			);
			path = ViewModel;
			sourceTree = "<group>";
		};
		0A5412392C346BEF00B75AE1 /* Category */ = {
			isa = PBXGroup;
			children = (
				0A5412322C34642800B75AE1 /* Category.swift */,
				0AA5E0872C37FC1F00AE7002 /* Categories.swift */,
			);
			path = Category;
			sourceTree = "<group>";
		};
		0A54123A2C346C4300B75AE1 /* Model */ = {
			isa = PBXGroup;
			children = (
				0AD1BA0F2C2C4683002FF476 /* MutableTodoItem.swift */,
			);
			path = Model;
			sourceTree = "<group>";
		};
		0A54123B2C346C5600B75AE1 /* ViewModel */ = {
			isa = PBXGroup;
			children = (
				0AE192062C30A97F003B8924 /* ListTodoItemViewModel.swift */,
				0AD1BA132C2C4811002FF476 /* SortingTodoItems.swift */,
				0AF113042C370FFE009181F9 /* IBaseTodoItemViewModel.swift */,
			);
			path = ViewModel;
			sourceTree = "<group>";
		};
		0A54123C2C346D1300B75AE1 /* Views */ = {
			isa = PBXGroup;
			children = (
				0AD1BA3B2C2CCB9C002FF476 /* ListRowItemViews */,
				0A04ED132C27303400AF7097 /* TodoItemListView.swift */,
			);
			path = Views;
			sourceTree = "<group>";
		};
		0A54123D2C346D3000B75AE1 /* SubScreens */ = {
			isa = PBXGroup;
			children = (
				0A1CC2D22C30C3D000E13477 /* CalendarScreen */,
				0AE192002C30A6B4003B8924 /* EditScreen */,
			);
			path = SubScreens;
			sourceTree = "<group>";
		};
		0A554E612C1ED49D0068360C /* TodoItemModelTesting */ = {
			isa = PBXGroup;
			children = (
				0A554E632C1ED4D30068360C /* TodoItemModelTesting.swift */,
			);
			path = TodoItemModelTesting;
			sourceTree = "<group>";
		};
		0A63EC6A2C1CCB36005ED49D /* Model */ = {
			isa = PBXGroup;
			children = (
				0A5412392C346BEF00B75AE1 /* Category */,
				0AF6F2342C20B5F10043866B /* JSONParsing */,
				0AF6F2352C20B6000043866B /* CSVParsing */,
				0A63EC682C1CC66C005ED49D /* KeyPathComparable.swift */,
				0A63EC642C1CC091005ED49D /* TodoItem.swift */,
				0A373A9B2C28BADB00A9290B /* TodoItemModel.swift */,
			);
			path = Model;
			sourceTree = "<group>";
		};
		0A63EC702C1CD93D005ED49D /* TodoItemTesting */ = {
			isa = PBXGroup;
			children = (
				0A63EC732C1CE1BC005ED49D /* TestTodoItem.swift */,
				0A63EC752C1CE320005ED49D /* TestKeyPathComparable.swift */,
				0A63EC772C1CE34F005ED49D /* TestCSVParsable.swift */,
				0A63EC792C1CE9EF005ED49D /* TestJSONParsable.swift */,
			);
			path = TodoItemTesting;
			sourceTree = "<group>";
		};
		0A7378AF2C32119E001F5842 /* Frameworks */ = {
			isa = PBXGroup;
			children = (
				24276E5781A5163EEC36FEB2 /* Pods_DailyDeeds.framework */,
				E6798F079479BC15ECCE1183 /* Pods_DailyDeeds_DailyDeedsUITests.framework */,
				7822B37F8C565B5ADDAFE11E /* Pods_DailyDeedsTests.framework */,
			);
			name = Frameworks;
			sourceTree = "<group>";
		};
		0A77CFC82C32A8D900B2F812 /* Representative */ = {
			isa = PBXGroup;
			children = (
				0AB3E3E72C31F9B900807EE0 /* CalendarViewControllerRepresentable.swift */,
			);
			path = Representative;
			sourceTree = "<group>";
		};
		0A7994F92C275CAF0097B18E /* Services */ = {
			isa = PBXGroup;
			children = (
				0ABC266A2C3D16E2004BC47A /* Networking */,
				0A91349E2C2DD3F200697091 /* Settings.swift */,
			);
			path = Services;
			sourceTree = "<group>";
		};
		0A7F54AC2C276DBB009CDD8F /* Supporting Files */ = {
			isa = PBXGroup;
			children = (
				0A3A7C182C2B2DB7000CDDB9 /* Resources */,
				0A7994F92C275CAF0097B18E /* Services */,
				0AF6F2082C2087F20043866B /* Extensions */,
			);
			path = "Supporting Files";
			sourceTree = "<group>";
		};
		0A8926182C28ADDE001C39F2 /* Views */ = {
			isa = PBXGroup;
			children = (
				0AA5E0822C37F59500AE7002 /* CategoryPickerViews */,
				0A9134B62C2EF81B00697091 /* SizeClassesViews */,
				0A89CCFB2C2F6B80006F9BF7 /* CustomColorPickerViews */,
				0A54122C2C34436800B75AE1 /* Subviews */,
				0A04ED152C27308000AF7097 /* DetailTodoItemView.swift */,
			);
			path = Views;
			sourceTree = "<group>";
		};
		0A89CCFB2C2F6B80006F9BF7 /* CustomColorPickerViews */ = {
			isa = PBXGroup;
			children = (
				0A7EEF232C31A97B009553B7 /* ColorPickerRowView.swift */,
				0A7EEF202C31A7EA009553B7 /* GradientCircleView.swift */,
				0A89CCF32C2F5907006F9BF7 /* CustomColotPicker.swift */,
				0A89CCF82C2F6B74006F9BF7 /* ColorPalette.swift */,
				0A89CCF52C2F642C006F9BF7 /* ColorGradientCircleView.swift */,
			);
			path = CustomColorPickerViews;
			sourceTree = "<group>";
		};
		0A89CCFF2C2F7E62006F9BF7 /* ViewComponents */ = {
			isa = PBXGroup;
			children = (
				0AD1BA312C2CC256002FF476 /* Color.swift */,
				0A89CD012C2F7E77006F9BF7 /* View.swift */,
				0AE5D6A52C3481A700E27E12 /* UIColor.swift */,
			);
			path = ViewComponents;
			sourceTree = "<group>";
		};
		0A9134B62C2EF81B00697091 /* SizeClassesViews */ = {
			isa = PBXGroup;
			children = (
				0A89CCE42C2EF847006F9BF7 /* RegularVerticalDetailView.swift */,
				0A89CCE52C2EF847006F9BF7 /* CompactVerticalDetailView.swift */,
			);
			path = SizeClassesViews;
			sourceTree = "<group>";
		};
		0A9230462C30AE0D00BFA4E2 /* Components */ = {
			isa = PBXGroup;
			children = (
				0AF6F21C2C208F760043866B /* Collection.swift */,
				0AD1BA162C2C4C72002FF476 /* Bool.swift */,
			);
			path = Components;
			sourceTree = "<group>";
		};
		0AA5E0822C37F59500AE7002 /* CategoryPickerViews */ = {
			isa = PBXGroup;
			children = (
				0AA5E0852C37F5E600AE7002 /* CreateNewCategoryView.swift */,
				0AF113022C36F36A009181F9 /* CategoryPickerRow.swift */,
				0AA5E0832C37F5AA00AE7002 /* CategoryPickerListView.swift */,
			);
			path = CategoryPickerViews;
			sourceTree = "<group>";
		};
		0AB3E3592C31E8A800807EE0 /* Views */ = {
			isa = PBXGroup;
			children = (
				0AB3E3542C31DCEE00807EE0 /* CalendarCollectionViewCell.swift */,
				0A77CFC62C32A6BF00B2F812 /* CalendarTableViewCell.swift */,
				0A77CFC92C32AC0500B2F812 /* TableViewHeaderView.swift */,
			);
			path = Views;
			sourceTree = "<group>";
		};
		0ABC266A2C3D16E2004BC47A /* Networking */ = {
			isa = PBXGroup;
			children = (
				0ABC266B2C3D16EF004BC47A /* URLSession.swift */,
			);
			path = Networking;
			sourceTree = "<group>";
		};
		0ABC266D2C3D23E9004BC47A /* Networking */ = {
			isa = PBXGroup;
			children = (
				0ABC266E2C3D23F3004BC47A /* URLSessionWorkingTests.swift */,
				0ABC26702C3D25BC004BC47A /* URLSessionErrorsTests.swift */,
			);
			path = Networking;
			sourceTree = "<group>";
		};
		0AD1BA3B2C2CCB9C002FF476 /* ListRowItemViews */ = {
			isa = PBXGroup;
			children = (
				0AD1BA3C2C2CCBC5002FF476 /* Subviews */,
				0A9230482C30AE4400BFA4E2 /* InterfaceOrientation.swift */,
				0AAF43FE2C27389F000FE268 /* ListRowItemView.swift */,
				0AD1BA4B2C2D5A40002FF476 /* CreateNewTodoItemRowView.swift */,
			);
			path = ListRowItemViews;
			sourceTree = "<group>";
		};
		0AD1BA3C2C2CCBC5002FF476 /* Subviews */ = {
			isa = PBXGroup;
			children = (
				0A89261B2C28AE01001C39F2 /* ImportanceView.swift */,
				0A8925F32C287CBC001C39F2 /* CheckmarkView.swift */,
				0A8926112C28A9AF001C39F2 /* CreateTodoItemButton.swift */,
			);
			path = Subviews;
			sourceTree = "<group>";
		};
		0AE192002C30A6B4003B8924 /* EditScreen */ = {
			isa = PBXGroup;
			children = (
				0A54123A2C346C4300B75AE1 /* Model */,
				0A8926182C28ADDE001C39F2 /* Views */,
			);
			path = EditScreen;
			sourceTree = "<group>";
		};
		0AE192022C30A71E003B8924 /* Modifiers */ = {
			isa = PBXGroup;
			children = (
				0A7EEF252C31AAC5009553B7 /* ToolbarButtonKeyboard.swift */,
				0A92304E2C30B81700BFA4E2 /* ScrollContentBackground.swift */,
				0A89CCFC2C2F7BBB006F9BF7 /* CustomSheetModifier.swift */,
			);
			path = Modifiers;
			sourceTree = "<group>";
		};
		0AEEEE562C35BA620029438E /* Model */ = {
			isa = PBXGroup;
			children = (
				0AEEEE572C35BA810029438E /* DateInfo.swift */,
			);
			path = Model;
			sourceTree = "<group>";
		};
		0AF6F2082C2087F20043866B /* Extensions */ = {
			isa = PBXGroup;
			children = (
				0AE192022C30A71E003B8924 /* Modifiers */,
				0A89CCFF2C2F7E62006F9BF7 /* ViewComponents */,
				0A9230462C30AE0D00BFA4E2 /* Components */,
			);
			path = Extensions;
			sourceTree = "<group>";
		};
		0AF6F2342C20B5F10043866B /* JSONParsing */ = {
			isa = PBXGroup;
			children = (
				0AF6F22D2C20B30E0043866B /* JSONBuilder.swift */,
				0A63EC632C1CC091005ED49D /* JSONParsable.swift */,
			);
			path = JSONParsing;
			sourceTree = "<group>";
		};
		0AF6F2352C20B6000043866B /* CSVParsing */ = {
			isa = PBXGroup;
			children = (
				0AF6F2312C20B59E0043866B /* CSVBuilder.swift */,
				0A63EC6E2C1CD434005ED49D /* CSVParsable.swift */,
			);
			path = CSVParsing;
			sourceTree = "<group>";
		};
		EFEE48D89377E100ED291318 /* Pods */ = {
			isa = PBXGroup;
			children = (
				4F55D7E10290DC0924C44E67 /* Pods-DailyDeeds.debug.xcconfig */,
				D20B2226746B66B6BB537084 /* Pods-DailyDeeds.release.xcconfig */,
				E9DDE7A60E86F573D103457A /* Pods-DailyDeeds-DailyDeedsUITests.debug.xcconfig */,
				A3BFE5D58A039730A456F11A /* Pods-DailyDeeds-DailyDeedsUITests.release.xcconfig */,
				D33877390059A5ECA4CF33E5 /* Pods-DailyDeedsTests.debug.xcconfig */,
				15C6317EF2ED4A1B52E87114 /* Pods-DailyDeedsTests.release.xcconfig */,
			);
			path = Pods;
			sourceTree = "<group>";
		};
/* End PBXGroup section */

/* Begin PBXNativeTarget section */
		0A3202AF2C1C67C800427B05 /* DailyDeeds */ = {
			isa = PBXNativeTarget;
			buildConfigurationList = 0A3202D42C1C67C900427B05 /* Build configuration list for PBXNativeTarget "DailyDeeds" */;
			buildPhases = (
				D0E45E285923FC2AF0A0CC00 /* [CP] Check Pods Manifest.lock */,
				0AFA4AB92C3BCED300C4D58A /* SwiftLint */,
				0A3202AC2C1C67C800427B05 /* Sources */,
				0A3202AD2C1C67C800427B05 /* Frameworks */,
				0A3202AE2C1C67C800427B05 /* Resources */,
				0AB3E3512C31DBA400807EE0 /* Embed Frameworks */,
			);
			buildRules = (
			);
			dependencies = (
				0AE35ED22C1E3C83003628BC /* PBXTargetDependency */,
			);
			name = DailyDeeds;
			packageProductDependencies = (
				0A77CFBC2C32866000B2F812 /* UIComponents */,
				0A77CFBF2C32871900B2F812 /* SnapKit */,
				0AFA4ABD2C3BD25000C4D58A /* CocoaLumberjack */,
				0A94ACD22C3BDEBB00F5BBC6 /* CocoaLumberjackSwift */,
				0A8918122C3BF90200C330B3 /* FileCache */,
			);
			productName = DailyDeeds;
			productReference = 0A3202B02C1C67C800427B05 /* DailyDeeds.app */;
			productType = "com.apple.product-type.application";
		};
		0A3202BF2C1C67C900427B05 /* DailyDeedsTests */ = {
			isa = PBXNativeTarget;
			buildConfigurationList = 0A3202D72C1C67C900427B05 /* Build configuration list for PBXNativeTarget "DailyDeedsTests" */;
			buildPhases = (
				1DF8A232FF6B8ED5B950283C /* [CP] Check Pods Manifest.lock */,
				0A3202BC2C1C67C900427B05 /* Sources */,
				0A3202BD2C1C67C900427B05 /* Frameworks */,
				0A3202BE2C1C67C900427B05 /* Resources */,
			);
			buildRules = (
			);
			dependencies = (
				0A1DCE0A2C1DD4E100E98993 /* PBXTargetDependency */,
				0A3202C22C1C67C900427B05 /* PBXTargetDependency */,
			);
			name = DailyDeedsTests;
			productName = DailyDeedsTests;
			productReference = 0A3202C02C1C67C900427B05 /* DailyDeedsTests.xctest */;
			productType = "com.apple.product-type.bundle.unit-test";
		};
		0A3202C92C1C67C900427B05 /* DailyDeedsUITests */ = {
			isa = PBXNativeTarget;
			buildConfigurationList = 0A3202DA2C1C67C900427B05 /* Build configuration list for PBXNativeTarget "DailyDeedsUITests" */;
			buildPhases = (
				72C500488EAF4FB8A22D03B5 /* [CP] Check Pods Manifest.lock */,
				0A3202C62C1C67C900427B05 /* Sources */,
				0A3202C72C1C67C900427B05 /* Frameworks */,
				0A3202C82C1C67C900427B05 /* Resources */,
			);
			buildRules = (
			);
			dependencies = (
				0A3202CC2C1C67C900427B05 /* PBXTargetDependency */,
			);
			name = DailyDeedsUITests;
			productName = DailyDeedsUITests;
			productReference = 0A3202CA2C1C67C900427B05 /* DailyDeedsUITests.xctest */;
			productType = "com.apple.product-type.bundle.ui-testing";
		};
/* End PBXNativeTarget section */

/* Begin PBXProject section */
		0A3202A82C1C67C800427B05 /* Project object */ = {
			isa = PBXProject;
			attributes = {
				BuildIndependentTargetsInParallel = 1;
				LastSwiftUpdateCheck = 1600;
				LastUpgradeCheck = 1600;
				TargetAttributes = {
					0A3202AF2C1C67C800427B05 = {
						CreatedOnToolsVersion = 16.0;
					};
					0A3202BF2C1C67C900427B05 = {
						CreatedOnToolsVersion = 16.0;
						TestTargetID = 0A3202AF2C1C67C800427B05;
					};
					0A3202C92C1C67C900427B05 = {
						CreatedOnToolsVersion = 16.0;
						TestTargetID = 0A3202AF2C1C67C800427B05;
					};
				};
			};
			buildConfigurationList = 0A3202AB2C1C67C800427B05 /* Build configuration list for PBXProject "DailyDeeds" */;
			compatibilityVersion = "Xcode 15.0";
			developmentRegion = ru;
			hasScannedForEncodings = 0;
			knownRegions = (
				en,
				Base,
				ru,
			);
			mainGroup = 0A3202A72C1C67C800427B05;
			packageReferences = (
				0A77CFBB2C32866000B2F812 /* XCRemoteSwiftPackageReference "UIComponents" */,
				0A77CFBE2C32871900B2F812 /* XCRemoteSwiftPackageReference "SnapKit" */,
				0AFA4ABC2C3BD25000C4D58A /* XCRemoteSwiftPackageReference "CocoaLumberjack" */,
			);
			productRefGroup = 0A3202B12C1C67C800427B05 /* Products */;
			projectDirPath = "";
			projectRoot = "";
			targets = (
				0A3202AF2C1C67C800427B05 /* DailyDeeds */,
				0A3202BF2C1C67C900427B05 /* DailyDeedsTests */,
				0A3202C92C1C67C900427B05 /* DailyDeedsUITests */,
			);
		};
/* End PBXProject section */

/* Begin PBXResourcesBuildPhase section */
		0A3202AE2C1C67C800427B05 /* Resources */ = {
			isa = PBXResourcesBuildPhase;
			buildActionMask = 2147483647;
			files = (
				0A3202E22C1C6A8900427B05 /* .gitignore in Resources */,
				0AFA4ABB2C3BD03D00C4D58A /* swiftlint.yml in Resources */,
				0A3202DE2C1C6A0B00427B05 /* LICENSE.txt in Resources */,
				0A3202BB2C1C67C900427B05 /* Preview Assets.xcassets in Resources */,
				0A3202E02C1C6A1500427B05 /* README.md in Resources */,
				0A3202B82C1C67C900427B05 /* Assets.xcassets in Resources */,
			);
			runOnlyForDeploymentPostprocessing = 0;
		};
		0A3202BE2C1C67C900427B05 /* Resources */ = {
			isa = PBXResourcesBuildPhase;
			buildActionMask = 2147483647;
			files = (
			);
			runOnlyForDeploymentPostprocessing = 0;
		};
		0A3202C82C1C67C900427B05 /* Resources */ = {
			isa = PBXResourcesBuildPhase;
			buildActionMask = 2147483647;
			files = (
			);
			runOnlyForDeploymentPostprocessing = 0;
		};
/* End PBXResourcesBuildPhase section */

/* Begin PBXShellScriptBuildPhase section */
		0AFA4AB92C3BCED300C4D58A /* SwiftLint */ = {
			isa = PBXShellScriptBuildPhase;
			buildActionMask = 8;
			files = (
			);
			inputFileListPaths = (
			);
			inputPaths = (
			);
			name = SwiftLint;
			outputFileListPaths = (
			);
			outputPaths = (
			);
			runOnlyForDeploymentPostprocessing = 1;
			shellPath = /bin/sh;
			shellScript = "if [[ \"$(uname -m)\" == arm64 ]]\nthen\n    export PATH=\"/opt/homebrew/bin:$PATH\"\nfi\n\nif command -v swiftlint >/dev/null 2>&1\nthen\n    swiftlint --fix\nelse\n    echo \"warning: `swiftlint` command not found - See https://github.com/realm/SwiftLint#installation for installation instructions.\"\nfi\n";
		};
		1DF8A232FF6B8ED5B950283C /* [CP] Check Pods Manifest.lock */ = {
			isa = PBXShellScriptBuildPhase;
			buildActionMask = 2147483647;
			files = (
			);
			inputFileListPaths = (
			);
			inputPaths = (
				"${PODS_PODFILE_DIR_PATH}/Podfile.lock",
				"${PODS_ROOT}/Manifest.lock",
			);
			name = "[CP] Check Pods Manifest.lock";
			outputFileListPaths = (
			);
			outputPaths = (
				"$(DERIVED_FILE_DIR)/Pods-DailyDeedsTests-checkManifestLockResult.txt",
			);
			runOnlyForDeploymentPostprocessing = 0;
			shellPath = /bin/sh;
			shellScript = "diff \"${PODS_PODFILE_DIR_PATH}/Podfile.lock\" \"${PODS_ROOT}/Manifest.lock\" > /dev/null\nif [ $? != 0 ] ; then\n    # print error to STDERR\n    echo \"error: The sandbox is not in sync with the Podfile.lock. Run 'pod install' or update your CocoaPods installation.\" >&2\n    exit 1\nfi\n# This output is used by Xcode 'outputs' to avoid re-running this script phase.\necho \"SUCCESS\" > \"${SCRIPT_OUTPUT_FILE_0}\"\n";
			showEnvVarsInLog = 0;
		};
		72C500488EAF4FB8A22D03B5 /* [CP] Check Pods Manifest.lock */ = {
			isa = PBXShellScriptBuildPhase;
			buildActionMask = 2147483647;
			files = (
			);
			inputFileListPaths = (
			);
			inputPaths = (
				"${PODS_PODFILE_DIR_PATH}/Podfile.lock",
				"${PODS_ROOT}/Manifest.lock",
			);
			name = "[CP] Check Pods Manifest.lock";
			outputFileListPaths = (
			);
			outputPaths = (
				"$(DERIVED_FILE_DIR)/Pods-DailyDeeds-DailyDeedsUITests-checkManifestLockResult.txt",
			);
			runOnlyForDeploymentPostprocessing = 0;
			shellPath = /bin/sh;
			shellScript = "diff \"${PODS_PODFILE_DIR_PATH}/Podfile.lock\" \"${PODS_ROOT}/Manifest.lock\" > /dev/null\nif [ $? != 0 ] ; then\n    # print error to STDERR\n    echo \"error: The sandbox is not in sync with the Podfile.lock. Run 'pod install' or update your CocoaPods installation.\" >&2\n    exit 1\nfi\n# This output is used by Xcode 'outputs' to avoid re-running this script phase.\necho \"SUCCESS\" > \"${SCRIPT_OUTPUT_FILE_0}\"\n";
			showEnvVarsInLog = 0;
		};
		D0E45E285923FC2AF0A0CC00 /* [CP] Check Pods Manifest.lock */ = {
			isa = PBXShellScriptBuildPhase;
			buildActionMask = 2147483647;
			files = (
			);
			inputFileListPaths = (
			);
			inputPaths = (
				"${PODS_PODFILE_DIR_PATH}/Podfile.lock",
				"${PODS_ROOT}/Manifest.lock",
			);
			name = "[CP] Check Pods Manifest.lock";
			outputFileListPaths = (
			);
			outputPaths = (
				"$(DERIVED_FILE_DIR)/Pods-DailyDeeds-checkManifestLockResult.txt",
			);
			runOnlyForDeploymentPostprocessing = 0;
			shellPath = /bin/sh;
			shellScript = "diff \"${PODS_PODFILE_DIR_PATH}/Podfile.lock\" \"${PODS_ROOT}/Manifest.lock\" > /dev/null\nif [ $? != 0 ] ; then\n    # print error to STDERR\n    echo \"error: The sandbox is not in sync with the Podfile.lock. Run 'pod install' or update your CocoaPods installation.\" >&2\n    exit 1\nfi\n# This output is used by Xcode 'outputs' to avoid re-running this script phase.\necho \"SUCCESS\" > \"${SCRIPT_OUTPUT_FILE_0}\"\n";
			showEnvVarsInLog = 0;
		};
/* End PBXShellScriptBuildPhase section */

/* Begin PBXSourcesBuildPhase section */
		0A3202AC2C1C67C800427B05 /* Sources */ = {
			isa = PBXSourcesBuildPhase;
			buildActionMask = 2147483647;
			files = (
				0A63EC6F2C1CD43B005ED49D /* CSVParsable.swift in Sources */,
				0A04ED142C27303400AF7097 /* TodoItemListView.swift in Sources */,
				0A89CCF42C2F5907006F9BF7 /* CustomColotPicker.swift in Sources */,
				0AF6F21D2C208F760043866B /* Collection.swift in Sources */,
				0A89CD022C2F7E77006F9BF7 /* View.swift in Sources */,
				0AE192072C30A97F003B8924 /* ListTodoItemViewModel.swift in Sources */,
				0A8926122C28A9B0001C39F2 /* CreateTodoItemButton.swift in Sources */,
				0AB3E3552C31DCEE00807EE0 /* CalendarCollectionViewCell.swift in Sources */,
				0A04ED162C27308000AF7097 /* DetailTodoItemView.swift in Sources */,
				0A854F202C31DA15008C5A43 /* CalendarViewModel.swift in Sources */,
				0A373A992C28BA3500A9290B /* DailyDeedsApp.swift in Sources */,
				0A7EEF2A2C31AE8D009553B7 /* DeadlineToggleView.swift in Sources */,
				0A7EEF262C31AAC5009553B7 /* ToolbarButtonKeyboard.swift in Sources */,
				0A854F1D2C31D8A3008C5A43 /* CalendarViewController.swift in Sources */,
				0A92304F2C30B81700BFA4E2 /* ScrollContentBackground.swift in Sources */,
				0AE5D6A62C3481A700E27E12 /* UIColor.swift in Sources */,
				0A7EEF212C31A7EA009553B7 /* GradientCircleView.swift in Sources */,
				0AA5E0882C37FC1F00AE7002 /* Categories.swift in Sources */,
				0AEEEE582C35BA810029438E /* DateInfo.swift in Sources */,
				0ABC266C2C3D16EF004BC47A /* URLSession.swift in Sources */,
				0AF6F22E2C20B30E0043866B /* JSONBuilder.swift in Sources */,
				0AF113032C36F36A009181F9 /* CategoryPickerRow.swift in Sources */,
				0A77CFC72C32A6BF00B2F812 /* CalendarTableViewCell.swift in Sources */,
				0AD1BA322C2CC256002FF476 /* Color.swift in Sources */,
				0A89261C2C28AE01001C39F2 /* ImportanceView.swift in Sources */,
				0AF6F2322C20B59E0043866B /* CSVBuilder.swift in Sources */,
				0A7EEF242C31A97B009553B7 /* ColorPickerRowView.swift in Sources */,
				0A89CCFD2C2F7BBB006F9BF7 /* CustomSheetModifier.swift in Sources */,
				0A5412332C34642800B75AE1 /* Category.swift in Sources */,
				0AD1BA4C2C2D5A40002FF476 /* CreateNewTodoItemRowView.swift in Sources */,
				0A8925F42C287CBC001C39F2 /* CheckmarkView.swift in Sources */,
				0A8925FE2C28850E001C39F2 /* ImportancePicker.swift in Sources */,
				0AD1BA172C2C4C72002FF476 /* Bool.swift in Sources */,
				0A89CCE62C2EF847006F9BF7 /* RegularVerticalDetailView.swift in Sources */,
				0AA5E0842C37F5AA00AE7002 /* CategoryPickerListView.swift in Sources */,
				0A89CCE72C2EF847006F9BF7 /* CompactVerticalDetailView.swift in Sources */,
				0AD1BA142C2C4811002FF476 /* SortingTodoItems.swift in Sources */,
				0AF113052C370FFE009181F9 /* IBaseTodoItemViewModel.swift in Sources */,
				0A91349F2C2DD3F200697091 /* Settings.swift in Sources */,
				0A9230492C30AE4400BFA4E2 /* InterfaceOrientation.swift in Sources */,
				0A54122E2C34437700B75AE1 /* ItemSection.swift in Sources */,
				0A63EC662C1CC091005ED49D /* TodoItem.swift in Sources */,
				0A63EC692C1CC66C005ED49D /* KeyPathComparable.swift in Sources */,
				0AAF43FF2C27389F000FE268 /* ListRowItemView.swift in Sources */,
				0A89CCF92C2F6B75006F9BF7 /* ColorPalette.swift in Sources */,
				0A89CCF62C2F642C006F9BF7 /* ColorGradientCircleView.swift in Sources */,
				0A373A9C2C28BADB00A9290B /* TodoItemModel.swift in Sources */,
				0A77CFCA2C32AC0500B2F812 /* TableViewHeaderView.swift in Sources */,
				0AA5E0862C37F5E600AE7002 /* CreateNewCategoryView.swift in Sources */,
				0A7EEF282C31AB9F009553B7 /* DefaultKeyboardView.swift in Sources */,
				0AB3E3E82C31F9B900807EE0 /* CalendarViewControllerRepresentable.swift in Sources */,
				0A63EC672C1CC091005ED49D /* JSONParsable.swift in Sources */,
				0AD1BA102C2C4683002FF476 /* MutableTodoItem.swift in Sources */,
			);
			runOnlyForDeploymentPostprocessing = 0;
		};
		0A3202BC2C1C67C900427B05 /* Sources */ = {
			isa = PBXSourcesBuildPhase;
			buildActionMask = 2147483647;
			files = (
				0A63EC7A2C1CE9EF005ED49D /* TestJSONParsable.swift in Sources */,
				0ABC26712C3D25BC004BC47A /* URLSessionErrorsTests.swift in Sources */,
				0ABC266F2C3D23F3004BC47A /* URLSessionWorkingTests.swift in Sources */,
				0A63EC762C1CE320005ED49D /* TestKeyPathComparable.swift in Sources */,
				0A63EC742C1CE1BC005ED49D /* TestTodoItem.swift in Sources */,
				0A554E642C1ED4D30068360C /* TodoItemModelTesting.swift in Sources */,
				0A04DA272C242A2F008F4793 /* TestEscapeSpecialCharacters.swift in Sources */,
				0A63EC782C1CE34F005ED49D /* TestCSVParsable.swift in Sources */,
			);
			runOnlyForDeploymentPostprocessing = 0;
		};
		0A3202C62C1C67C900427B05 /* Sources */ = {
			isa = PBXSourcesBuildPhase;
			buildActionMask = 2147483647;
			files = (
				0A3202D12C1C67C900427B05 /* DailyDeedsUITestsLaunchTests.swift in Sources */,
				0A3202CF2C1C67C900427B05 /* DailyDeedsUITests.swift in Sources */,
			);
			runOnlyForDeploymentPostprocessing = 0;
		};
/* End PBXSourcesBuildPhase section */

/* Begin PBXTargetDependency section */
		0A1DCE0A2C1DD4E100E98993 /* PBXTargetDependency */ = {
			isa = PBXTargetDependency;
		};
		0A3202C22C1C67C900427B05 /* PBXTargetDependency */ = {
			isa = PBXTargetDependency;
			target = 0A3202AF2C1C67C800427B05 /* DailyDeeds */;
			targetProxy = 0A3202C12C1C67C900427B05 /* PBXContainerItemProxy */;
		};
		0A3202CC2C1C67C900427B05 /* PBXTargetDependency */ = {
			isa = PBXTargetDependency;
			target = 0A3202AF2C1C67C800427B05 /* DailyDeeds */;
			targetProxy = 0A3202CB2C1C67C900427B05 /* PBXContainerItemProxy */;
		};
		0AE35ED22C1E3C83003628BC /* PBXTargetDependency */ = {
			isa = PBXTargetDependency;
		};
/* End PBXTargetDependency section */

/* Begin XCBuildConfiguration section */
		0A3202D22C1C67C900427B05 /* Debug */ = {
			isa = XCBuildConfiguration;
			buildSettings = {
				ALWAYS_SEARCH_USER_PATHS = NO;
				ASSETCATALOG_COMPILER_GENERATE_SWIFT_ASSET_SYMBOL_EXTENSIONS = YES;
				CLANG_ANALYZER_NONNULL = YES;
				CLANG_ANALYZER_NUMBER_OBJECT_CONVERSION = YES_AGGRESSIVE;
				CLANG_CXX_LANGUAGE_STANDARD = "gnu++20";
				CLANG_ENABLE_MODULES = YES;
				CLANG_ENABLE_OBJC_ARC = YES;
				CLANG_ENABLE_OBJC_WEAK = YES;
				CLANG_WARN_BLOCK_CAPTURE_AUTORELEASING = YES;
				CLANG_WARN_BOOL_CONVERSION = YES;
				CLANG_WARN_COMMA = YES;
				CLANG_WARN_CONSTANT_CONVERSION = YES;
				CLANG_WARN_DEPRECATED_OBJC_IMPLEMENTATIONS = YES;
				CLANG_WARN_DIRECT_OBJC_ISA_USAGE = YES_ERROR;
				CLANG_WARN_DOCUMENTATION_COMMENTS = YES;
				CLANG_WARN_EMPTY_BODY = YES;
				CLANG_WARN_ENUM_CONVERSION = YES;
				CLANG_WARN_INFINITE_RECURSION = YES;
				CLANG_WARN_INT_CONVERSION = YES;
				CLANG_WARN_NON_LITERAL_NULL_CONVERSION = YES;
				CLANG_WARN_OBJC_IMPLICIT_RETAIN_SELF = YES;
				CLANG_WARN_OBJC_LITERAL_CONVERSION = YES;
				CLANG_WARN_OBJC_ROOT_CLASS = YES_ERROR;
				CLANG_WARN_QUOTED_INCLUDE_IN_FRAMEWORK_HEADER = YES;
				CLANG_WARN_RANGE_LOOP_ANALYSIS = YES;
				CLANG_WARN_STRICT_PROTOTYPES = YES;
				CLANG_WARN_SUSPICIOUS_MOVE = YES;
				CLANG_WARN_UNGUARDED_AVAILABILITY = YES_AGGRESSIVE;
				CLANG_WARN_UNREACHABLE_CODE = YES;
				CLANG_WARN__DUPLICATE_METHOD_MATCH = YES;
				COPY_PHASE_STRIP = NO;
				DEBUG_INFORMATION_FORMAT = dwarf;
				ENABLE_STRICT_OBJC_MSGSEND = YES;
				ENABLE_TESTABILITY = YES;
				ENABLE_USER_SCRIPT_SANDBOXING = NO;
				GCC_C_LANGUAGE_STANDARD = gnu17;
				GCC_DYNAMIC_NO_PIC = NO;
				GCC_NO_COMMON_BLOCKS = YES;
				GCC_OPTIMIZATION_LEVEL = 0;
				GCC_PREPROCESSOR_DEFINITIONS = (
					"DEBUG=1",
					"$(inherited)",
				);
				GCC_WARN_64_TO_32_BIT_CONVERSION = YES;
				GCC_WARN_ABOUT_RETURN_TYPE = YES_ERROR;
				GCC_WARN_UNDECLARED_SELECTOR = YES;
				GCC_WARN_UNINITIALIZED_AUTOS = YES_AGGRESSIVE;
				GCC_WARN_UNUSED_FUNCTION = YES;
				GCC_WARN_UNUSED_VARIABLE = YES;
				IPHONEOS_DEPLOYMENT_TARGET = 18.0;
				LOCALIZATION_PREFERS_STRING_CATALOGS = YES;
				MTL_ENABLE_DEBUG_INFO = INCLUDE_SOURCE;
				MTL_FAST_MATH = YES;
				ONLY_ACTIVE_ARCH = YES;
				SDKROOT = iphoneos;
				SWIFT_ACTIVE_COMPILATION_CONDITIONS = "DEBUG $(inherited)";
				SWIFT_OPTIMIZATION_LEVEL = "-Onone";
			};
			name = Debug;
		};
		0A3202D32C1C67C900427B05 /* Release */ = {
			isa = XCBuildConfiguration;
			buildSettings = {
				ALWAYS_SEARCH_USER_PATHS = NO;
				ASSETCATALOG_COMPILER_GENERATE_SWIFT_ASSET_SYMBOL_EXTENSIONS = YES;
				CLANG_ANALYZER_NONNULL = YES;
				CLANG_ANALYZER_NUMBER_OBJECT_CONVERSION = YES_AGGRESSIVE;
				CLANG_CXX_LANGUAGE_STANDARD = "gnu++20";
				CLANG_ENABLE_MODULES = YES;
				CLANG_ENABLE_OBJC_ARC = YES;
				CLANG_ENABLE_OBJC_WEAK = YES;
				CLANG_WARN_BLOCK_CAPTURE_AUTORELEASING = YES;
				CLANG_WARN_BOOL_CONVERSION = YES;
				CLANG_WARN_COMMA = YES;
				CLANG_WARN_CONSTANT_CONVERSION = YES;
				CLANG_WARN_DEPRECATED_OBJC_IMPLEMENTATIONS = YES;
				CLANG_WARN_DIRECT_OBJC_ISA_USAGE = YES_ERROR;
				CLANG_WARN_DOCUMENTATION_COMMENTS = YES;
				CLANG_WARN_EMPTY_BODY = YES;
				CLANG_WARN_ENUM_CONVERSION = YES;
				CLANG_WARN_INFINITE_RECURSION = YES;
				CLANG_WARN_INT_CONVERSION = YES;
				CLANG_WARN_NON_LITERAL_NULL_CONVERSION = YES;
				CLANG_WARN_OBJC_IMPLICIT_RETAIN_SELF = YES;
				CLANG_WARN_OBJC_LITERAL_CONVERSION = YES;
				CLANG_WARN_OBJC_ROOT_CLASS = YES_ERROR;
				CLANG_WARN_QUOTED_INCLUDE_IN_FRAMEWORK_HEADER = YES;
				CLANG_WARN_RANGE_LOOP_ANALYSIS = YES;
				CLANG_WARN_STRICT_PROTOTYPES = YES;
				CLANG_WARN_SUSPICIOUS_MOVE = YES;
				CLANG_WARN_UNGUARDED_AVAILABILITY = YES_AGGRESSIVE;
				CLANG_WARN_UNREACHABLE_CODE = YES;
				CLANG_WARN__DUPLICATE_METHOD_MATCH = YES;
				COPY_PHASE_STRIP = NO;
				DEBUG_INFORMATION_FORMAT = "dwarf-with-dsym";
				ENABLE_NS_ASSERTIONS = NO;
				ENABLE_STRICT_OBJC_MSGSEND = YES;
				ENABLE_USER_SCRIPT_SANDBOXING = NO;
				GCC_C_LANGUAGE_STANDARD = gnu17;
				GCC_NO_COMMON_BLOCKS = YES;
				GCC_WARN_64_TO_32_BIT_CONVERSION = YES;
				GCC_WARN_ABOUT_RETURN_TYPE = YES_ERROR;
				GCC_WARN_UNDECLARED_SELECTOR = YES;
				GCC_WARN_UNINITIALIZED_AUTOS = YES_AGGRESSIVE;
				GCC_WARN_UNUSED_FUNCTION = YES;
				GCC_WARN_UNUSED_VARIABLE = YES;
				IPHONEOS_DEPLOYMENT_TARGET = 18.0;
				LOCALIZATION_PREFERS_STRING_CATALOGS = YES;
				MTL_ENABLE_DEBUG_INFO = NO;
				MTL_FAST_MATH = YES;
				SDKROOT = iphoneos;
				SWIFT_COMPILATION_MODE = wholemodule;
				VALIDATE_PRODUCT = YES;
			};
			name = Release;
		};
		0A3202D52C1C67C900427B05 /* Debug */ = {
			isa = XCBuildConfiguration;
			baseConfigurationReference = 4F55D7E10290DC0924C44E67 /* Pods-DailyDeeds.debug.xcconfig */;
			buildSettings = {
				ASSETCATALOG_COMPILER_APPICON_NAME = AppIcon;
				ASSETCATALOG_COMPILER_GLOBAL_ACCENT_COLOR_NAME = AccentColor;
				CODE_SIGN_STYLE = Automatic;
				CURRENT_PROJECT_VERSION = 1;
				DEVELOPMENT_ASSET_PATHS = "\"DailyDeeds/Preview Content\"";
				DEVELOPMENT_TEAM = 653PNCT9WW;
				ENABLE_PREVIEWS = YES;
				GENERATE_INFOPLIST_FILE = YES;
				INFOPLIST_KEY_LSApplicationCategoryType = "public.app-category.productivity";
				INFOPLIST_KEY_UIApplicationSceneManifest_Generation = YES;
				INFOPLIST_KEY_UIApplicationSupportsIndirectInputEvents = YES;
				INFOPLIST_KEY_UILaunchScreen_Generation = YES;
				INFOPLIST_KEY_UISupportedInterfaceOrientations_iPad = "UIInterfaceOrientationPortrait UIInterfaceOrientationPortraitUpsideDown UIInterfaceOrientationLandscapeLeft UIInterfaceOrientationLandscapeRight";
				INFOPLIST_KEY_UISupportedInterfaceOrientations_iPhone = "UIInterfaceOrientationPortrait UIInterfaceOrientationLandscapeLeft UIInterfaceOrientationLandscapeRight";
				IPHONEOS_DEPLOYMENT_TARGET = 17.0;
				LD_RUNPATH_SEARCH_PATHS = (
					"$(inherited)",
					"@executable_path/Frameworks",
				);
				MARKETING_VERSION = 1.0;
				PRODUCT_BUNDLE_IDENTIFIER = zipozt;
				PRODUCT_NAME = "$(TARGET_NAME)";
				SUPPORTED_PLATFORMS = "iphoneos iphonesimulator";
				SUPPORTS_MACCATALYST = NO;
				SUPPORTS_XR_DESIGNED_FOR_IPHONE_IPAD = NO;
				SWIFT_EMIT_LOC_STRINGS = YES;
				SWIFT_STRICT_CONCURRENCY = complete;
				SWIFT_VERSION = 5.0;
				TARGETED_DEVICE_FAMILY = "1,2";
			};
			name = Debug;
		};
		0A3202D62C1C67C900427B05 /* Release */ = {
			isa = XCBuildConfiguration;
			baseConfigurationReference = D20B2226746B66B6BB537084 /* Pods-DailyDeeds.release.xcconfig */;
			buildSettings = {
				ASSETCATALOG_COMPILER_APPICON_NAME = AppIcon;
				ASSETCATALOG_COMPILER_GLOBAL_ACCENT_COLOR_NAME = AccentColor;
				CODE_SIGN_STYLE = Automatic;
				CURRENT_PROJECT_VERSION = 1;
				DEVELOPMENT_ASSET_PATHS = "\"DailyDeeds/Preview Content\"";
				DEVELOPMENT_TEAM = 653PNCT9WW;
				ENABLE_PREVIEWS = YES;
				GENERATE_INFOPLIST_FILE = YES;
				INFOPLIST_KEY_LSApplicationCategoryType = "public.app-category.productivity";
				INFOPLIST_KEY_UIApplicationSceneManifest_Generation = YES;
				INFOPLIST_KEY_UIApplicationSupportsIndirectInputEvents = YES;
				INFOPLIST_KEY_UILaunchScreen_Generation = YES;
				INFOPLIST_KEY_UISupportedInterfaceOrientations_iPad = "UIInterfaceOrientationPortrait UIInterfaceOrientationPortraitUpsideDown UIInterfaceOrientationLandscapeLeft UIInterfaceOrientationLandscapeRight";
				INFOPLIST_KEY_UISupportedInterfaceOrientations_iPhone = "UIInterfaceOrientationPortrait UIInterfaceOrientationLandscapeLeft UIInterfaceOrientationLandscapeRight";
				IPHONEOS_DEPLOYMENT_TARGET = 17.0;
				LD_RUNPATH_SEARCH_PATHS = (
					"$(inherited)",
					"@executable_path/Frameworks",
				);
				MARKETING_VERSION = 1.0;
				PRODUCT_BUNDLE_IDENTIFIER = zipozt;
				PRODUCT_NAME = "$(TARGET_NAME)";
				SUPPORTED_PLATFORMS = "iphoneos iphonesimulator";
				SUPPORTS_MACCATALYST = NO;
				SUPPORTS_XR_DESIGNED_FOR_IPHONE_IPAD = NO;
				SWIFT_EMIT_LOC_STRINGS = YES;
				SWIFT_STRICT_CONCURRENCY = complete;
				SWIFT_VERSION = 5.0;
				TARGETED_DEVICE_FAMILY = "1,2";
			};
			name = Release;
		};
		0A3202D82C1C67C900427B05 /* Debug */ = {
			isa = XCBuildConfiguration;
			baseConfigurationReference = D33877390059A5ECA4CF33E5 /* Pods-DailyDeedsTests.debug.xcconfig */;
			buildSettings = {
				BUNDLE_LOADER = "$(TEST_HOST)";
				CODE_SIGN_STYLE = Automatic;
				CURRENT_PROJECT_VERSION = 1;
				DEVELOPMENT_TEAM = 653PNCT9WW;
				GENERATE_INFOPLIST_FILE = YES;
				IPHONEOS_DEPLOYMENT_TARGET = 17.0;
				MARKETING_VERSION = 1.0;
				PRODUCT_BUNDLE_IDENTIFIER = zipozt.DailyDeedsTests;
				PRODUCT_NAME = "$(TARGET_NAME)";
				SWIFT_EMIT_LOC_STRINGS = NO;
				SWIFT_VERSION = 5.0;
				TARGETED_DEVICE_FAMILY = "1,2";
				TEST_HOST = "$(BUILT_PRODUCTS_DIR)/DailyDeeds.app/$(BUNDLE_EXECUTABLE_FOLDER_PATH)/DailyDeeds";
			};
			name = Debug;
		};
		0A3202D92C1C67C900427B05 /* Release */ = {
			isa = XCBuildConfiguration;
			baseConfigurationReference = 15C6317EF2ED4A1B52E87114 /* Pods-DailyDeedsTests.release.xcconfig */;
			buildSettings = {
				BUNDLE_LOADER = "$(TEST_HOST)";
				CODE_SIGN_STYLE = Automatic;
				CURRENT_PROJECT_VERSION = 1;
				DEVELOPMENT_TEAM = 653PNCT9WW;
				GENERATE_INFOPLIST_FILE = YES;
				IPHONEOS_DEPLOYMENT_TARGET = 17.0;
				MARKETING_VERSION = 1.0;
				PRODUCT_BUNDLE_IDENTIFIER = zipozt.DailyDeedsTests;
				PRODUCT_NAME = "$(TARGET_NAME)";
				SWIFT_EMIT_LOC_STRINGS = NO;
				SWIFT_VERSION = 5.0;
				TARGETED_DEVICE_FAMILY = "1,2";
				TEST_HOST = "$(BUILT_PRODUCTS_DIR)/DailyDeeds.app/$(BUNDLE_EXECUTABLE_FOLDER_PATH)/DailyDeeds";
			};
			name = Release;
		};
		0A3202DB2C1C67C900427B05 /* Debug */ = {
			isa = XCBuildConfiguration;
			baseConfigurationReference = E9DDE7A60E86F573D103457A /* Pods-DailyDeeds-DailyDeedsUITests.debug.xcconfig */;
			buildSettings = {
				CODE_SIGN_STYLE = Automatic;
				CURRENT_PROJECT_VERSION = 1;
				DEVELOPMENT_TEAM = 653PNCT9WW;
				GENERATE_INFOPLIST_FILE = YES;
				MARKETING_VERSION = 1.0;
				PRODUCT_BUNDLE_IDENTIFIER = zipozt.DailyDeedsUITests;
				PRODUCT_NAME = "$(TARGET_NAME)";
				SWIFT_EMIT_LOC_STRINGS = NO;
				SWIFT_VERSION = 5.0;
				TARGETED_DEVICE_FAMILY = "1,2";
				TEST_TARGET_NAME = DailyDeeds;
			};
			name = Debug;
		};
		0A3202DC2C1C67C900427B05 /* Release */ = {
			isa = XCBuildConfiguration;
			baseConfigurationReference = A3BFE5D58A039730A456F11A /* Pods-DailyDeeds-DailyDeedsUITests.release.xcconfig */;
			buildSettings = {
				CODE_SIGN_STYLE = Automatic;
				CURRENT_PROJECT_VERSION = 1;
				DEVELOPMENT_TEAM = 653PNCT9WW;
				GENERATE_INFOPLIST_FILE = YES;
				MARKETING_VERSION = 1.0;
				PRODUCT_BUNDLE_IDENTIFIER = zipozt.DailyDeedsUITests;
				PRODUCT_NAME = "$(TARGET_NAME)";
				SWIFT_EMIT_LOC_STRINGS = NO;
				SWIFT_VERSION = 5.0;
				TARGETED_DEVICE_FAMILY = "1,2";
				TEST_TARGET_NAME = DailyDeeds;
			};
			name = Release;
		};
/* End XCBuildConfiguration section */

/* Begin XCConfigurationList section */
		0A3202AB2C1C67C800427B05 /* Build configuration list for PBXProject "DailyDeeds" */ = {
			isa = XCConfigurationList;
			buildConfigurations = (
				0A3202D22C1C67C900427B05 /* Debug */,
				0A3202D32C1C67C900427B05 /* Release */,
			);
			defaultConfigurationIsVisible = 0;
			defaultConfigurationName = Release;
		};
		0A3202D42C1C67C900427B05 /* Build configuration list for PBXNativeTarget "DailyDeeds" */ = {
			isa = XCConfigurationList;
			buildConfigurations = (
				0A3202D52C1C67C900427B05 /* Debug */,
				0A3202D62C1C67C900427B05 /* Release */,
			);
			defaultConfigurationIsVisible = 0;
			defaultConfigurationName = Release;
		};
		0A3202D72C1C67C900427B05 /* Build configuration list for PBXNativeTarget "DailyDeedsTests" */ = {
			isa = XCConfigurationList;
			buildConfigurations = (
				0A3202D82C1C67C900427B05 /* Debug */,
				0A3202D92C1C67C900427B05 /* Release */,
			);
			defaultConfigurationIsVisible = 0;
			defaultConfigurationName = Release;
		};
		0A3202DA2C1C67C900427B05 /* Build configuration list for PBXNativeTarget "DailyDeedsUITests" */ = {
			isa = XCConfigurationList;
			buildConfigurations = (
				0A3202DB2C1C67C900427B05 /* Debug */,
				0A3202DC2C1C67C900427B05 /* Release */,
			);
			defaultConfigurationIsVisible = 0;
			defaultConfigurationName = Release;
		};
/* End XCConfigurationList section */

/* Begin XCRemoteSwiftPackageReference section */
		0A77CFBB2C32866000B2F812 /* XCRemoteSwiftPackageReference "UIComponents" */ = {
			isa = XCRemoteSwiftPackageReference;
			repositoryURL = "https://github.com/tzopiz/UIComponents.git";
			requirement = {
				kind = upToNextMajorVersion;
				minimumVersion = 0.1.1;
			};
		};
		0A77CFBE2C32871900B2F812 /* XCRemoteSwiftPackageReference "SnapKit" */ = {
			isa = XCRemoteSwiftPackageReference;
			repositoryURL = "https://github.com/SnapKit/SnapKit.git";
			requirement = {
				kind = upToNextMajorVersion;
				minimumVersion = 5.7.1;
			};
		};
		0AFA4ABC2C3BD25000C4D58A /* XCRemoteSwiftPackageReference "CocoaLumberjack" */ = {
			isa = XCRemoteSwiftPackageReference;
			repositoryURL = "https://github.com/CocoaLumberjack/CocoaLumberjack";
			requirement = {
				kind = upToNextMajorVersion;
				minimumVersion = 3.8.5;
			};
		};
/* End XCRemoteSwiftPackageReference section */

/* Begin XCSwiftPackageProductDependency section */
		0A77CFBC2C32866000B2F812 /* UIComponents */ = {
			isa = XCSwiftPackageProductDependency;
			package = 0A77CFBB2C32866000B2F812 /* XCRemoteSwiftPackageReference "UIComponents" */;
			productName = UIComponents;
		};
		0A77CFBF2C32871900B2F812 /* SnapKit */ = {
			isa = XCSwiftPackageProductDependency;
			package = 0A77CFBE2C32871900B2F812 /* XCRemoteSwiftPackageReference "SnapKit" */;
			productName = SnapKit;
		};
		0A8918122C3BF90200C330B3 /* FileCache */ = {
			isa = XCSwiftPackageProductDependency;
			package = 0A77CFBB2C32866000B2F812 /* XCRemoteSwiftPackageReference "UIComponents" */;
			productName = FileCache;
		};
		0A94ACD22C3BDEBB00F5BBC6 /* CocoaLumberjackSwift */ = {
			isa = XCSwiftPackageProductDependency;
			package = 0AFA4ABC2C3BD25000C4D58A /* XCRemoteSwiftPackageReference "CocoaLumberjack" */;
			productName = CocoaLumberjackSwift;
		};
		0AFA4ABD2C3BD25000C4D58A /* CocoaLumberjack */ = {
			isa = XCSwiftPackageProductDependency;
			package = 0AFA4ABC2C3BD25000C4D58A /* XCRemoteSwiftPackageReference "CocoaLumberjack" */;
			productName = CocoaLumberjack;
		};
/* End XCSwiftPackageProductDependency section */
	};
	rootObject = 0A3202A82C1C67C800427B05 /* Project object */;
}
