// !$*UTF8*$!
{
	archiveVersion = 1;
	classes = {
	};
	objectVersion = 60;
	objects = {

/* Begin PBXBuildFile section */
		0A1DCE082C1D9A4000E98993 /* FileCache.swift in Sources */ = {isa = PBXBuildFile; fileRef = 0A1DCE072C1D9A4000E98993 /* FileCache.swift */; };
		0A3202B42C1C67C800427B05 /* DailyDeedsApp.swift in Sources */ = {isa = PBXBuildFile; fileRef = 0A3202B32C1C67C800427B05 /* DailyDeedsApp.swift */; };
		0A3202B62C1C67C800427B05 /* ContentView.swift in Sources */ = {isa = PBXBuildFile; fileRef = 0A3202B52C1C67C800427B05 /* ContentView.swift */; };
		0A3202B82C1C67C900427B05 /* Assets.xcassets in Resources */ = {isa = PBXBuildFile; fileRef = 0A3202B72C1C67C900427B05 /* Assets.xcassets */; };
		0A3202BB2C1C67C900427B05 /* Preview Assets.xcassets in Resources */ = {isa = PBXBuildFile; fileRef = 0A3202BA2C1C67C900427B05 /* Preview Assets.xcassets */; };
		0A3202CF2C1C67C900427B05 /* DailyDeedsUITests.swift in Sources */ = {isa = PBXBuildFile; fileRef = 0A3202CE2C1C67C900427B05 /* DailyDeedsUITests.swift */; };
		0A3202D12C1C67C900427B05 /* DailyDeedsUITestsLaunchTests.swift in Sources */ = {isa = PBXBuildFile; fileRef = 0A3202D02C1C67C900427B05 /* DailyDeedsUITestsLaunchTests.swift */; };
		0A3202DE2C1C6A0B00427B05 /* LICENSE.txt in Resources */ = {isa = PBXBuildFile; fileRef = 0A3202DD2C1C6A0B00427B05 /* LICENSE.txt */; };
		0A3202E02C1C6A1500427B05 /* README.md in Resources */ = {isa = PBXBuildFile; fileRef = 0A3202DF2C1C6A1500427B05 /* README.md */; };
		0A3202E22C1C6A8900427B05 /* .gitignore in Resources */ = {isa = PBXBuildFile; fileRef = 0A3202E12C1C6A8900427B05 /* .gitignore */; };
		0A554E642C1ED4D30068360C /* TestFileCache.swift in Sources */ = {isa = PBXBuildFile; fileRef = 0A554E632C1ED4D30068360C /* TestFileCache.swift */; };
		0A63EC662C1CC091005ED49D /* TodoItem.swift in Sources */ = {isa = PBXBuildFile; fileRef = 0A63EC642C1CC091005ED49D /* TodoItem.swift */; };
		0A63EC672C1CC091005ED49D /* JSONParsable.swift in Sources */ = {isa = PBXBuildFile; fileRef = 0A63EC632C1CC091005ED49D /* JSONParsable.swift */; };
		0A63EC692C1CC66C005ED49D /* KeyPathComparable.swift in Sources */ = {isa = PBXBuildFile; fileRef = 0A63EC682C1CC66C005ED49D /* KeyPathComparable.swift */; };
		0A63EC6D2C1CD38D005ED49D /* RswiftLibrary in Frameworks */ = {isa = PBXBuildFile; productRef = 0A63EC6C2C1CD38D005ED49D /* RswiftLibrary */; };
		0A63EC6F2C1CD43B005ED49D /* CSVParsable.swift in Sources */ = {isa = PBXBuildFile; fileRef = 0A63EC6E2C1CD434005ED49D /* CSVParsable.swift */; };
		0A63EC722C1CD968005ED49D /* TodoItemTesting.swift in Sources */ = {isa = PBXBuildFile; fileRef = 0A63EC712C1CD968005ED49D /* TodoItemTesting.swift */; };
		0A63EC742C1CE1BC005ED49D /* TestTodoItem.swift in Sources */ = {isa = PBXBuildFile; fileRef = 0A63EC732C1CE1BC005ED49D /* TestTodoItem.swift */; };
		0A63EC762C1CE320005ED49D /* TestKeyPathComparable.swift in Sources */ = {isa = PBXBuildFile; fileRef = 0A63EC752C1CE320005ED49D /* TestKeyPathComparable.swift */; };
		0A63EC782C1CE34F005ED49D /* TestCSVParsable.swift in Sources */ = {isa = PBXBuildFile; fileRef = 0A63EC772C1CE34F005ED49D /* TestCSVParsable.swift */; };
		0A63EC7A2C1CE9EF005ED49D /* TestJSONParsable.swift in Sources */ = {isa = PBXBuildFile; fileRef = 0A63EC792C1CE9EF005ED49D /* TestJSONParsable.swift */; };
		0AF6F20C2C2087FF0043866B /* Date.swift in Sources */ = {isa = PBXBuildFile; fileRef = 0AF6F20B2C2087FF0043866B /* Date.swift */; };
		0AF6F2182C208D3F0043866B /* String.swift in Sources */ = {isa = PBXBuildFile; fileRef = 0AF6F2172C208D3F0043866B /* String.swift */; };
		0AF6F21D2C208F760043866B /* Collection.swift in Sources */ = {isa = PBXBuildFile; fileRef = 0AF6F21C2C208F760043866B /* Collection.swift */; };
		0AF6F22E2C20B30E0043866B /* JSONBuilder.swift in Sources */ = {isa = PBXBuildFile; fileRef = 0AF6F22D2C20B30E0043866B /* JSONBuilder.swift */; };
		0AF6F2322C20B59E0043866B /* CSVBuilder.swift in Sources */ = {isa = PBXBuildFile; fileRef = 0AF6F2312C20B59E0043866B /* CSVBuilder.swift */; };
/* End PBXBuildFile section */

/* Begin PBXContainerItemProxy section */
		0A3202C12C1C67C900427B05 /* PBXContainerItemProxy */ = {
			isa = PBXContainerItemProxy;
			containerPortal = 0A3202A82C1C67C800427B05 /* Project object */;
			proxyType = 1;
			remoteGlobalIDString = 0A3202AF2C1C67C800427B05;
			remoteInfo = DailyDeeds;
		};
		0A3202CB2C1C67C900427B05 /* PBXContainerItemProxy */ = {
			isa = PBXContainerItemProxy;
			containerPortal = 0A3202A82C1C67C800427B05 /* Project object */;
			proxyType = 1;
			remoteGlobalIDString = 0A3202AF2C1C67C800427B05;
			remoteInfo = DailyDeeds;
		};
/* End PBXContainerItemProxy section */

/* Begin PBXFileReference section */
		0A1DCE072C1D9A4000E98993 /* FileCache.swift */ = {isa = PBXFileReference; lastKnownFileType = sourcecode.swift; path = FileCache.swift; sourceTree = "<group>"; };
		0A3202B02C1C67C800427B05 /* DailyDeeds.app */ = {isa = PBXFileReference; explicitFileType = wrapper.application; includeInIndex = 0; path = DailyDeeds.app; sourceTree = BUILT_PRODUCTS_DIR; };
		0A3202B32C1C67C800427B05 /* DailyDeedsApp.swift */ = {isa = PBXFileReference; lastKnownFileType = sourcecode.swift; path = DailyDeedsApp.swift; sourceTree = "<group>"; };
		0A3202B52C1C67C800427B05 /* ContentView.swift */ = {isa = PBXFileReference; lastKnownFileType = sourcecode.swift; path = ContentView.swift; sourceTree = "<group>"; };
		0A3202B72C1C67C900427B05 /* Assets.xcassets */ = {isa = PBXFileReference; lastKnownFileType = folder.assetcatalog; path = Assets.xcassets; sourceTree = "<group>"; };
		0A3202BA2C1C67C900427B05 /* Preview Assets.xcassets */ = {isa = PBXFileReference; lastKnownFileType = folder.assetcatalog; path = "Preview Assets.xcassets"; sourceTree = "<group>"; };
		0A3202C02C1C67C900427B05 /* DailyDeedsTests.xctest */ = {isa = PBXFileReference; explicitFileType = wrapper.cfbundle; includeInIndex = 0; path = DailyDeedsTests.xctest; sourceTree = BUILT_PRODUCTS_DIR; };
		0A3202CA2C1C67C900427B05 /* DailyDeedsUITests.xctest */ = {isa = PBXFileReference; explicitFileType = wrapper.cfbundle; includeInIndex = 0; path = DailyDeedsUITests.xctest; sourceTree = BUILT_PRODUCTS_DIR; };
		0A3202CE2C1C67C900427B05 /* DailyDeedsUITests.swift */ = {isa = PBXFileReference; lastKnownFileType = sourcecode.swift; path = DailyDeedsUITests.swift; sourceTree = "<group>"; };
		0A3202D02C1C67C900427B05 /* DailyDeedsUITestsLaunchTests.swift */ = {isa = PBXFileReference; lastKnownFileType = sourcecode.swift; path = DailyDeedsUITestsLaunchTests.swift; sourceTree = "<group>"; };
		0A3202DD2C1C6A0B00427B05 /* LICENSE.txt */ = {isa = PBXFileReference; lastKnownFileType = text; path = LICENSE.txt; sourceTree = "<group>"; };
		0A3202DF2C1C6A1500427B05 /* README.md */ = {isa = PBXFileReference; lastKnownFileType = net.daringfireball.markdown; path = README.md; sourceTree = "<group>"; };
		0A3202E12C1C6A8900427B05 /* .gitignore */ = {isa = PBXFileReference; lastKnownFileType = text; path = .gitignore; sourceTree = "<group>"; };
		0A554E632C1ED4D30068360C /* TestFileCache.swift */ = {isa = PBXFileReference; lastKnownFileType = sourcecode.swift; path = TestFileCache.swift; sourceTree = "<group>"; };
		0A63EC632C1CC091005ED49D /* JSONParsable.swift */ = {isa = PBXFileReference; lastKnownFileType = sourcecode.swift; path = JSONParsable.swift; sourceTree = "<group>"; };
		0A63EC642C1CC091005ED49D /* TodoItem.swift */ = {isa = PBXFileReference; lastKnownFileType = sourcecode.swift; path = TodoItem.swift; sourceTree = "<group>"; };
		0A63EC682C1CC66C005ED49D /* KeyPathComparable.swift */ = {isa = PBXFileReference; lastKnownFileType = sourcecode.swift; path = KeyPathComparable.swift; sourceTree = "<group>"; };
		0A63EC6E2C1CD434005ED49D /* CSVParsable.swift */ = {isa = PBXFileReference; lastKnownFileType = sourcecode.swift; path = CSVParsable.swift; sourceTree = "<group>"; };
		0A63EC712C1CD968005ED49D /* TodoItemTesting.swift */ = {isa = PBXFileReference; lastKnownFileType = sourcecode.swift; path = TodoItemTesting.swift; sourceTree = "<group>"; };
		0A63EC732C1CE1BC005ED49D /* TestTodoItem.swift */ = {isa = PBXFileReference; lastKnownFileType = sourcecode.swift; path = TestTodoItem.swift; sourceTree = "<group>"; };
		0A63EC752C1CE320005ED49D /* TestKeyPathComparable.swift */ = {isa = PBXFileReference; lastKnownFileType = sourcecode.swift; path = TestKeyPathComparable.swift; sourceTree = "<group>"; };
		0A63EC772C1CE34F005ED49D /* TestCSVParsable.swift */ = {isa = PBXFileReference; lastKnownFileType = sourcecode.swift; path = TestCSVParsable.swift; sourceTree = "<group>"; };
		0A63EC792C1CE9EF005ED49D /* TestJSONParsable.swift */ = {isa = PBXFileReference; lastKnownFileType = sourcecode.swift; path = TestJSONParsable.swift; sourceTree = "<group>"; };
		0A63EC7B2C1CEEE4005ED49D /* DailyDeeds.xctestplan */ = {isa = PBXFileReference; lastKnownFileType = text; path = DailyDeeds.xctestplan; sourceTree = "<group>"; };
		0AF6F20B2C2087FF0043866B /* Date.swift */ = {isa = PBXFileReference; lastKnownFileType = sourcecode.swift; path = Date.swift; sourceTree = "<group>"; };
		0AF6F2172C208D3F0043866B /* String.swift */ = {isa = PBXFileReference; lastKnownFileType = sourcecode.swift; path = String.swift; sourceTree = "<group>"; };
		0AF6F21C2C208F760043866B /* Collection.swift */ = {isa = PBXFileReference; lastKnownFileType = sourcecode.swift; path = Collection.swift; sourceTree = "<group>"; };
		0AF6F22D2C20B30E0043866B /* JSONBuilder.swift */ = {isa = PBXFileReference; lastKnownFileType = sourcecode.swift; path = JSONBuilder.swift; sourceTree = "<group>"; };
		0AF6F2312C20B59E0043866B /* CSVBuilder.swift */ = {isa = PBXFileReference; lastKnownFileType = sourcecode.swift; path = CSVBuilder.swift; sourceTree = "<group>"; };
/* End PBXFileReference section */

/* Begin PBXFrameworksBuildPhase section */
		0A3202AD2C1C67C800427B05 /* Frameworks */ = {
			isa = PBXFrameworksBuildPhase;
			buildActionMask = 2147483647;
			files = (
				0A63EC6D2C1CD38D005ED49D /* RswiftLibrary in Frameworks */,
			);
			runOnlyForDeploymentPostprocessing = 0;
		};
		0A3202BD2C1C67C900427B05 /* Frameworks */ = {
			isa = PBXFrameworksBuildPhase;
			buildActionMask = 2147483647;
			files = (
			);
			runOnlyForDeploymentPostprocessing = 0;
		};
		0A3202C72C1C67C900427B05 /* Frameworks */ = {
			isa = PBXFrameworksBuildPhase;
			buildActionMask = 2147483647;
			files = (
			);
			runOnlyForDeploymentPostprocessing = 0;
		};
/* End PBXFrameworksBuildPhase section */

/* Begin PBXGroup section */
		0A1DCE062C1D9A3A00E98993 /* FileCache */ = {
			isa = PBXGroup;
			children = (
				0A1DCE072C1D9A4000E98993 /* FileCache.swift */,
			);
			path = FileCache;
			sourceTree = "<group>";
		};
		0A3202A72C1C67C800427B05 = {
			isa = PBXGroup;
			children = (
				0A63EC7B2C1CEEE4005ED49D /* DailyDeeds.xctestplan */,
				0A3202DD2C1C6A0B00427B05 /* LICENSE.txt */,
				0A3202E12C1C6A8900427B05 /* .gitignore */,
				0A3202DF2C1C6A1500427B05 /* README.md */,
				0A3202B22C1C67C800427B05 /* DailyDeeds */,
				0A3202C32C1C67C900427B05 /* DailyDeedsTests */,
				0A3202CD2C1C67C900427B05 /* DailyDeedsUITests */,
				0A3202B12C1C67C800427B05 /* Products */,
			);
			sourceTree = "<group>";
		};
		0A3202B12C1C67C800427B05 /* Products */ = {
			isa = PBXGroup;
			children = (
				0A3202B02C1C67C800427B05 /* DailyDeeds.app */,
				0A3202C02C1C67C900427B05 /* DailyDeedsTests.xctest */,
				0A3202CA2C1C67C900427B05 /* DailyDeedsUITests.xctest */,
			);
			name = Products;
			sourceTree = "<group>";
		};
		0A3202B22C1C67C800427B05 /* DailyDeeds */ = {
			isa = PBXGroup;
			children = (
				0AF6F2082C2087F20043866B /* Extensions */,
				0A63EC6A2C1CCB36005ED49D /* Model */,
				0A3202B32C1C67C800427B05 /* DailyDeedsApp.swift */,
				0A3202B52C1C67C800427B05 /* ContentView.swift */,
				0A3202B72C1C67C900427B05 /* Assets.xcassets */,
				0A3202B92C1C67C900427B05 /* Preview Content */,
			);
			path = DailyDeeds;
			sourceTree = "<group>";
		};
		0A3202B92C1C67C900427B05 /* Preview Content */ = {
			isa = PBXGroup;
			children = (
				0A3202BA2C1C67C900427B05 /* Preview Assets.xcassets */,
			);
			path = "Preview Content";
			sourceTree = "<group>";
		};
		0A3202C32C1C67C900427B05 /* DailyDeedsTests */ = {
			isa = PBXGroup;
			children = (
				0A554E612C1ED49D0068360C /* FileCacheTesting */,
				0A63EC702C1CD93D005ED49D /* TodoItemTesting */,
			);
			path = DailyDeedsTests;
			sourceTree = "<group>";
		};
		0A3202CD2C1C67C900427B05 /* DailyDeedsUITests */ = {
			isa = PBXGroup;
			children = (
				0A3202CE2C1C67C900427B05 /* DailyDeedsUITests.swift */,
				0A3202D02C1C67C900427B05 /* DailyDeedsUITestsLaunchTests.swift */,
			);
			path = DailyDeedsUITests;
			sourceTree = "<group>";
		};
		0A554E612C1ED49D0068360C /* FileCacheTesting */ = {
			isa = PBXGroup;
			children = (
				0A554E632C1ED4D30068360C /* TestFileCache.swift */,
			);
			path = FileCacheTesting;
			sourceTree = "<group>";
		};
		0A63EC652C1CC091005ED49D /* TodoItem */ = {
			isa = PBXGroup;
			children = (
				0A63EC642C1CC091005ED49D /* TodoItem.swift */,
				0AF6F2342C20B5F10043866B /* JSONParsing */,
				0AF6F2352C20B6000043866B /* CSVParsing */,
				0A63EC682C1CC66C005ED49D /* KeyPathComparable.swift */,
			);
			path = TodoItem;
			sourceTree = "<group>";
		};
		0A63EC6A2C1CCB36005ED49D /* Model */ = {
			isa = PBXGroup;
			children = (
				0A1DCE062C1D9A3A00E98993 /* FileCache */,
				0A63EC652C1CC091005ED49D /* TodoItem */,
			);
			path = Model;
			sourceTree = "<group>";
		};
		0A63EC702C1CD93D005ED49D /* TodoItemTesting */ = {
			isa = PBXGroup;
			children = (
				0A63EC712C1CD968005ED49D /* TodoItemTesting.swift */,
				0A63EC732C1CE1BC005ED49D /* TestTodoItem.swift */,
				0A63EC752C1CE320005ED49D /* TestKeyPathComparable.swift */,
				0A63EC772C1CE34F005ED49D /* TestCSVParsable.swift */,
				0A63EC792C1CE9EF005ED49D /* TestJSONParsable.swift */,
			);
			path = TodoItemTesting;
			sourceTree = "<group>";
		};
		0AF6F2082C2087F20043866B /* Extensions */ = {
			isa = PBXGroup;
			children = (
				0AF6F20B2C2087FF0043866B /* Date.swift */,
				0AF6F2172C208D3F0043866B /* String.swift */,
				0AF6F21C2C208F760043866B /* Collection.swift */,
			);
			path = Extensions;
			sourceTree = "<group>";
		};
		0AF6F2342C20B5F10043866B /* JSONParsing */ = {
			isa = PBXGroup;
			children = (
				0AF6F22D2C20B30E0043866B /* JSONBuilder.swift */,
				0A63EC632C1CC091005ED49D /* JSONParsable.swift */,
			);
			path = JSONParsing;
			sourceTree = "<group>";
		};
		0AF6F2352C20B6000043866B /* CSVParsing */ = {
			isa = PBXGroup;
			children = (
				0AF6F2312C20B59E0043866B /* CSVBuilder.swift */,
				0A63EC6E2C1CD434005ED49D /* CSVParsable.swift */,
			);
			path = CSVParsing;
			sourceTree = "<group>";
		};
/* End PBXGroup section */

/* Begin PBXNativeTarget section */
		0A3202AF2C1C67C800427B05 /* DailyDeeds */ = {
			isa = PBXNativeTarget;
			buildConfigurationList = 0A3202D42C1C67C900427B05 /* Build configuration list for PBXNativeTarget "DailyDeeds" */;
			buildPhases = (
				0A3202AC2C1C67C800427B05 /* Sources */,
				0A3202AD2C1C67C800427B05 /* Frameworks */,
				0A3202AE2C1C67C800427B05 /* Resources */,
			);
			buildRules = (
			);
			dependencies = (
				0AE35ED22C1E3C83003628BC /* PBXTargetDependency */,
			);
			name = DailyDeeds;
			packageProductDependencies = (
				0A63EC6C2C1CD38D005ED49D /* RswiftLibrary */,
			);
			productName = DailyDeeds;
			productReference = 0A3202B02C1C67C800427B05 /* DailyDeeds.app */;
			productType = "com.apple.product-type.application";
		};
		0A3202BF2C1C67C900427B05 /* DailyDeedsTests */ = {
			isa = PBXNativeTarget;
			buildConfigurationList = 0A3202D72C1C67C900427B05 /* Build configuration list for PBXNativeTarget "DailyDeedsTests" */;
			buildPhases = (
				0A3202BC2C1C67C900427B05 /* Sources */,
				0A3202BD2C1C67C900427B05 /* Frameworks */,
				0A3202BE2C1C67C900427B05 /* Resources */,
			);
			buildRules = (
			);
			dependencies = (
				0A1DCE0A2C1DD4E100E98993 /* PBXTargetDependency */,
				0A3202C22C1C67C900427B05 /* PBXTargetDependency */,
			);
			name = DailyDeedsTests;
			productName = DailyDeedsTests;
			productReference = 0A3202C02C1C67C900427B05 /* DailyDeedsTests.xctest */;
			productType = "com.apple.product-type.bundle.unit-test";
		};
		0A3202C92C1C67C900427B05 /* DailyDeedsUITests */ = {
			isa = PBXNativeTarget;
			buildConfigurationList = 0A3202DA2C1C67C900427B05 /* Build configuration list for PBXNativeTarget "DailyDeedsUITests" */;
			buildPhases = (
				0A3202C62C1C67C900427B05 /* Sources */,
				0A3202C72C1C67C900427B05 /* Frameworks */,
				0A3202C82C1C67C900427B05 /* Resources */,
			);
			buildRules = (
			);
			dependencies = (
				0A3202CC2C1C67C900427B05 /* PBXTargetDependency */,
			);
			name = DailyDeedsUITests;
			productName = DailyDeedsUITests;
			productReference = 0A3202CA2C1C67C900427B05 /* DailyDeedsUITests.xctest */;
			productType = "com.apple.product-type.bundle.ui-testing";
		};
/* End PBXNativeTarget section */

/* Begin PBXProject section */
		0A3202A82C1C67C800427B05 /* Project object */ = {
			isa = PBXProject;
			attributes = {
				BuildIndependentTargetsInParallel = 1;
				LastSwiftUpdateCheck = 1600;
				LastUpgradeCheck = 1600;
				TargetAttributes = {
					0A3202AF2C1C67C800427B05 = {
						CreatedOnToolsVersion = 16.0;
					};
					0A3202BF2C1C67C900427B05 = {
						CreatedOnToolsVersion = 16.0;
						TestTargetID = 0A3202AF2C1C67C800427B05;
					};
					0A3202C92C1C67C900427B05 = {
						CreatedOnToolsVersion = 16.0;
						TestTargetID = 0A3202AF2C1C67C800427B05;
					};
				};
			};
			buildConfigurationList = 0A3202AB2C1C67C800427B05 /* Build configuration list for PBXProject "DailyDeeds" */;
			compatibilityVersion = "Xcode 15.0";
			developmentRegion = en;
			hasScannedForEncodings = 0;
			knownRegions = (
				en,
				Base,
			);
			mainGroup = 0A3202A72C1C67C800427B05;
			packageReferences = (
				0A63EC6B2C1CD38D005ED49D /* XCRemoteSwiftPackageReference "R" */,
			);
			productRefGroup = 0A3202B12C1C67C800427B05 /* Products */;
			projectDirPath = "";
			projectRoot = "";
			targets = (
				0A3202AF2C1C67C800427B05 /* DailyDeeds */,
				0A3202BF2C1C67C900427B05 /* DailyDeedsTests */,
				0A3202C92C1C67C900427B05 /* DailyDeedsUITests */,
			);
		};
/* End PBXProject section */

/* Begin PBXResourcesBuildPhase section */
		0A3202AE2C1C67C800427B05 /* Resources */ = {
			isa = PBXResourcesBuildPhase;
			buildActionMask = 2147483647;
			files = (
				0A3202E22C1C6A8900427B05 /* .gitignore in Resources */,
				0A3202DE2C1C6A0B00427B05 /* LICENSE.txt in Resources */,
				0A3202BB2C1C67C900427B05 /* Preview Assets.xcassets in Resources */,
				0A3202E02C1C6A1500427B05 /* README.md in Resources */,
				0A3202B82C1C67C900427B05 /* Assets.xcassets in Resources */,
			);
			runOnlyForDeploymentPostprocessing = 0;
		};
		0A3202BE2C1C67C900427B05 /* Resources */ = {
			isa = PBXResourcesBuildPhase;
			buildActionMask = 2147483647;
			files = (
			);
			runOnlyForDeploymentPostprocessing = 0;
		};
		0A3202C82C1C67C900427B05 /* Resources */ = {
			isa = PBXResourcesBuildPhase;
			buildActionMask = 2147483647;
			files = (
			);
			runOnlyForDeploymentPostprocessing = 0;
		};
/* End PBXResourcesBuildPhase section */

/* Begin PBXSourcesBuildPhase section */
		0A3202AC2C1C67C800427B05 /* Sources */ = {
			isa = PBXSourcesBuildPhase;
			buildActionMask = 2147483647;
			files = (
				0A63EC6F2C1CD43B005ED49D /* CSVParsable.swift in Sources */,
				0AF6F21D2C208F760043866B /* Collection.swift in Sources */,
				0A3202B62C1C67C800427B05 /* ContentView.swift in Sources */,
				0A1DCE082C1D9A4000E98993 /* FileCache.swift in Sources */,
				0AF6F22E2C20B30E0043866B /* JSONBuilder.swift in Sources */,
				0AF6F2322C20B59E0043866B /* CSVBuilder.swift in Sources */,
				0AF6F2182C208D3F0043866B /* String.swift in Sources */,
				0AF6F20C2C2087FF0043866B /* Date.swift in Sources */,
				0A3202B42C1C67C800427B05 /* DailyDeedsApp.swift in Sources */,
				0A63EC662C1CC091005ED49D /* TodoItem.swift in Sources */,
				0A63EC692C1CC66C005ED49D /* KeyPathComparable.swift in Sources */,
				0A63EC672C1CC091005ED49D /* JSONParsable.swift in Sources */,
			);
			runOnlyForDeploymentPostprocessing = 0;
		};
		0A3202BC2C1C67C900427B05 /* Sources */ = {
			isa = PBXSourcesBuildPhase;
			buildActionMask = 2147483647;
			files = (
				0A63EC722C1CD968005ED49D /* TodoItemTesting.swift in Sources */,
				0A63EC7A2C1CE9EF005ED49D /* TestJSONParsable.swift in Sources */,
				0A63EC762C1CE320005ED49D /* TestKeyPathComparable.swift in Sources */,
				0A63EC742C1CE1BC005ED49D /* TestTodoItem.swift in Sources */,
				0A554E642C1ED4D30068360C /* TestFileCache.swift in Sources */,
				0A63EC782C1CE34F005ED49D /* TestCSVParsable.swift in Sources */,
			);
			runOnlyForDeploymentPostprocessing = 0;
		};
		0A3202C62C1C67C900427B05 /* Sources */ = {
			isa = PBXSourcesBuildPhase;
			buildActionMask = 2147483647;
			files = (
				0A3202D12C1C67C900427B05 /* DailyDeedsUITestsLaunchTests.swift in Sources */,
				0A3202CF2C1C67C900427B05 /* DailyDeedsUITests.swift in Sources */,
			);
			runOnlyForDeploymentPostprocessing = 0;
		};
/* End PBXSourcesBuildPhase section */

/* Begin PBXTargetDependency section */
		0A1DCE0A2C1DD4E100E98993 /* PBXTargetDependency */ = {
			isa = PBXTargetDependency;
			productRef = 0A1DCE092C1DD4E100E98993 /* RswiftGenerateInternalResources */;
		};
		0A3202C22C1C67C900427B05 /* PBXTargetDependency */ = {
			isa = PBXTargetDependency;
			target = 0A3202AF2C1C67C800427B05 /* DailyDeeds */;
			targetProxy = 0A3202C12C1C67C900427B05 /* PBXContainerItemProxy */;
		};
		0A3202CC2C1C67C900427B05 /* PBXTargetDependency */ = {
			isa = PBXTargetDependency;
			target = 0A3202AF2C1C67C800427B05 /* DailyDeeds */;
			targetProxy = 0A3202CB2C1C67C900427B05 /* PBXContainerItemProxy */;
		};
		0AE35ED22C1E3C83003628BC /* PBXTargetDependency */ = {
			isa = PBXTargetDependency;
			productRef = 0AE35ED12C1E3C83003628BC /* RswiftGenerateInternalResources */;
		};
/* End PBXTargetDependency section */

/* Begin XCBuildConfiguration section */
		0A3202D22C1C67C900427B05 /* Debug */ = {
			isa = XCBuildConfiguration;
			buildSettings = {
				ALWAYS_SEARCH_USER_PATHS = NO;
				ASSETCATALOG_COMPILER_GENERATE_SWIFT_ASSET_SYMBOL_EXTENSIONS = YES;
				CLANG_ANALYZER_NONNULL = YES;
				CLANG_ANALYZER_NUMBER_OBJECT_CONVERSION = YES_AGGRESSIVE;
				CLANG_CXX_LANGUAGE_STANDARD = "gnu++20";
				CLANG_ENABLE_MODULES = YES;
				CLANG_ENABLE_OBJC_ARC = YES;
				CLANG_ENABLE_OBJC_WEAK = YES;
				CLANG_WARN_BLOCK_CAPTURE_AUTORELEASING = YES;
				CLANG_WARN_BOOL_CONVERSION = YES;
				CLANG_WARN_COMMA = YES;
				CLANG_WARN_CONSTANT_CONVERSION = YES;
				CLANG_WARN_DEPRECATED_OBJC_IMPLEMENTATIONS = YES;
				CLANG_WARN_DIRECT_OBJC_ISA_USAGE = YES_ERROR;
				CLANG_WARN_DOCUMENTATION_COMMENTS = YES;
				CLANG_WARN_EMPTY_BODY = YES;
				CLANG_WARN_ENUM_CONVERSION = YES;
				CLANG_WARN_INFINITE_RECURSION = YES;
				CLANG_WARN_INT_CONVERSION = YES;
				CLANG_WARN_NON_LITERAL_NULL_CONVERSION = YES;
				CLANG_WARN_OBJC_IMPLICIT_RETAIN_SELF = YES;
				CLANG_WARN_OBJC_LITERAL_CONVERSION = YES;
				CLANG_WARN_OBJC_ROOT_CLASS = YES_ERROR;
				CLANG_WARN_QUOTED_INCLUDE_IN_FRAMEWORK_HEADER = YES;
				CLANG_WARN_RANGE_LOOP_ANALYSIS = YES;
				CLANG_WARN_STRICT_PROTOTYPES = YES;
				CLANG_WARN_SUSPICIOUS_MOVE = YES;
				CLANG_WARN_UNGUARDED_AVAILABILITY = YES_AGGRESSIVE;
				CLANG_WARN_UNREACHABLE_CODE = YES;
				CLANG_WARN__DUPLICATE_METHOD_MATCH = YES;
				COPY_PHASE_STRIP = NO;
				DEBUG_INFORMATION_FORMAT = dwarf;
				ENABLE_STRICT_OBJC_MSGSEND = YES;
				ENABLE_TESTABILITY = YES;
				ENABLE_USER_SCRIPT_SANDBOXING = YES;
				GCC_C_LANGUAGE_STANDARD = gnu17;
				GCC_DYNAMIC_NO_PIC = NO;
				GCC_NO_COMMON_BLOCKS = YES;
				GCC_OPTIMIZATION_LEVEL = 0;
				GCC_PREPROCESSOR_DEFINITIONS = (
					"DEBUG=1",
					"$(inherited)",
				);
				GCC_WARN_64_TO_32_BIT_CONVERSION = YES;
				GCC_WARN_ABOUT_RETURN_TYPE = YES_ERROR;
				GCC_WARN_UNDECLARED_SELECTOR = YES;
				GCC_WARN_UNINITIALIZED_AUTOS = YES_AGGRESSIVE;
				GCC_WARN_UNUSED_FUNCTION = YES;
				GCC_WARN_UNUSED_VARIABLE = YES;
				IPHONEOS_DEPLOYMENT_TARGET = 18.0;
				LOCALIZATION_PREFERS_STRING_CATALOGS = YES;
				MTL_ENABLE_DEBUG_INFO = INCLUDE_SOURCE;
				MTL_FAST_MATH = YES;
				ONLY_ACTIVE_ARCH = YES;
				SDKROOT = iphoneos;
				SWIFT_ACTIVE_COMPILATION_CONDITIONS = "DEBUG $(inherited)";
				SWIFT_OPTIMIZATION_LEVEL = "-Onone";
			};
			name = Debug;
		};
		0A3202D32C1C67C900427B05 /* Release */ = {
			isa = XCBuildConfiguration;
			buildSettings = {
				ALWAYS_SEARCH_USER_PATHS = NO;
				ASSETCATALOG_COMPILER_GENERATE_SWIFT_ASSET_SYMBOL_EXTENSIONS = YES;
				CLANG_ANALYZER_NONNULL = YES;
				CLANG_ANALYZER_NUMBER_OBJECT_CONVERSION = YES_AGGRESSIVE;
				CLANG_CXX_LANGUAGE_STANDARD = "gnu++20";
				CLANG_ENABLE_MODULES = YES;
				CLANG_ENABLE_OBJC_ARC = YES;
				CLANG_ENABLE_OBJC_WEAK = YES;
				CLANG_WARN_BLOCK_CAPTURE_AUTORELEASING = YES;
				CLANG_WARN_BOOL_CONVERSION = YES;
				CLANG_WARN_COMMA = YES;
				CLANG_WARN_CONSTANT_CONVERSION = YES;
				CLANG_WARN_DEPRECATED_OBJC_IMPLEMENTATIONS = YES;
				CLANG_WARN_DIRECT_OBJC_ISA_USAGE = YES_ERROR;
				CLANG_WARN_DOCUMENTATION_COMMENTS = YES;
				CLANG_WARN_EMPTY_BODY = YES;
				CLANG_WARN_ENUM_CONVERSION = YES;
				CLANG_WARN_INFINITE_RECURSION = YES;
				CLANG_WARN_INT_CONVERSION = YES;
				CLANG_WARN_NON_LITERAL_NULL_CONVERSION = YES;
				CLANG_WARN_OBJC_IMPLICIT_RETAIN_SELF = YES;
				CLANG_WARN_OBJC_LITERAL_CONVERSION = YES;
				CLANG_WARN_OBJC_ROOT_CLASS = YES_ERROR;
				CLANG_WARN_QUOTED_INCLUDE_IN_FRAMEWORK_HEADER = YES;
				CLANG_WARN_RANGE_LOOP_ANALYSIS = YES;
				CLANG_WARN_STRICT_PROTOTYPES = YES;
				CLANG_WARN_SUSPICIOUS_MOVE = YES;
				CLANG_WARN_UNGUARDED_AVAILABILITY = YES_AGGRESSIVE;
				CLANG_WARN_UNREACHABLE_CODE = YES;
				CLANG_WARN__DUPLICATE_METHOD_MATCH = YES;
				COPY_PHASE_STRIP = NO;
				DEBUG_INFORMATION_FORMAT = "dwarf-with-dsym";
				ENABLE_NS_ASSERTIONS = NO;
				ENABLE_STRICT_OBJC_MSGSEND = YES;
				ENABLE_USER_SCRIPT_SANDBOXING = YES;
				GCC_C_LANGUAGE_STANDARD = gnu17;
				GCC_NO_COMMON_BLOCKS = YES;
				GCC_WARN_64_TO_32_BIT_CONVERSION = YES;
				GCC_WARN_ABOUT_RETURN_TYPE = YES_ERROR;
				GCC_WARN_UNDECLARED_SELECTOR = YES;
				GCC_WARN_UNINITIALIZED_AUTOS = YES_AGGRESSIVE;
				GCC_WARN_UNUSED_FUNCTION = YES;
				GCC_WARN_UNUSED_VARIABLE = YES;
				IPHONEOS_DEPLOYMENT_TARGET = 18.0;
				LOCALIZATION_PREFERS_STRING_CATALOGS = YES;
				MTL_ENABLE_DEBUG_INFO = NO;
				MTL_FAST_MATH = YES;
				SDKROOT = iphoneos;
				SWIFT_COMPILATION_MODE = wholemodule;
				VALIDATE_PRODUCT = YES;
			};
			name = Release;
		};
		0A3202D52C1C67C900427B05 /* Debug */ = {
			isa = XCBuildConfiguration;
			buildSettings = {
				ASSETCATALOG_COMPILER_APPICON_NAME = AppIcon;
				ASSETCATALOG_COMPILER_GLOBAL_ACCENT_COLOR_NAME = AccentColor;
				CODE_SIGN_STYLE = Automatic;
				CURRENT_PROJECT_VERSION = 1;
				DEVELOPMENT_ASSET_PATHS = "\"DailyDeeds/Preview Content\"";
				DEVELOPMENT_TEAM = 653PNCT9WW;
				ENABLE_PREVIEWS = YES;
				GENERATE_INFOPLIST_FILE = YES;
				INFOPLIST_KEY_UIApplicationSceneManifest_Generation = YES;
				INFOPLIST_KEY_UIApplicationSupportsIndirectInputEvents = YES;
				INFOPLIST_KEY_UILaunchScreen_Generation = YES;
				INFOPLIST_KEY_UISupportedInterfaceOrientations_iPad = "UIInterfaceOrientationPortrait UIInterfaceOrientationPortraitUpsideDown UIInterfaceOrientationLandscapeLeft UIInterfaceOrientationLandscapeRight";
				INFOPLIST_KEY_UISupportedInterfaceOrientations_iPhone = "UIInterfaceOrientationPortrait UIInterfaceOrientationLandscapeLeft UIInterfaceOrientationLandscapeRight";
				IPHONEOS_DEPLOYMENT_TARGET = 15.0;
				LD_RUNPATH_SEARCH_PATHS = (
					"$(inherited)",
					"@executable_path/Frameworks",
				);
				MARKETING_VERSION = 1.0;
				PRODUCT_BUNDLE_IDENTIFIER = zipozt.DailyDeeds;
				PRODUCT_NAME = "$(TARGET_NAME)";
				SUPPORTED_PLATFORMS = "iphoneos iphonesimulator";
				SUPPORTS_MACCATALYST = NO;
				SUPPORTS_XR_DESIGNED_FOR_IPHONE_IPAD = NO;
				SWIFT_EMIT_LOC_STRINGS = YES;
				SWIFT_VERSION = 5.0;
				TARGETED_DEVICE_FAMILY = "1,2";
			};
			name = Debug;
		};
		0A3202D62C1C67C900427B05 /* Release */ = {
			isa = XCBuildConfiguration;
			buildSettings = {
				ASSETCATALOG_COMPILER_APPICON_NAME = AppIcon;
				ASSETCATALOG_COMPILER_GLOBAL_ACCENT_COLOR_NAME = AccentColor;
				CODE_SIGN_STYLE = Automatic;
				CURRENT_PROJECT_VERSION = 1;
				DEVELOPMENT_ASSET_PATHS = "\"DailyDeeds/Preview Content\"";
				DEVELOPMENT_TEAM = 653PNCT9WW;
				ENABLE_PREVIEWS = YES;
				GENERATE_INFOPLIST_FILE = YES;
				INFOPLIST_KEY_UIApplicationSceneManifest_Generation = YES;
				INFOPLIST_KEY_UIApplicationSupportsIndirectInputEvents = YES;
				INFOPLIST_KEY_UILaunchScreen_Generation = YES;
				INFOPLIST_KEY_UISupportedInterfaceOrientations_iPad = "UIInterfaceOrientationPortrait UIInterfaceOrientationPortraitUpsideDown UIInterfaceOrientationLandscapeLeft UIInterfaceOrientationLandscapeRight";
				INFOPLIST_KEY_UISupportedInterfaceOrientations_iPhone = "UIInterfaceOrientationPortrait UIInterfaceOrientationLandscapeLeft UIInterfaceOrientationLandscapeRight";
				IPHONEOS_DEPLOYMENT_TARGET = 15.0;
				LD_RUNPATH_SEARCH_PATHS = (
					"$(inherited)",
					"@executable_path/Frameworks",
				);
				MARKETING_VERSION = 1.0;
				PRODUCT_BUNDLE_IDENTIFIER = zipozt.DailyDeeds;
				PRODUCT_NAME = "$(TARGET_NAME)";
				SUPPORTED_PLATFORMS = "iphoneos iphonesimulator";
				SUPPORTS_MACCATALYST = NO;
				SUPPORTS_XR_DESIGNED_FOR_IPHONE_IPAD = NO;
				SWIFT_EMIT_LOC_STRINGS = YES;
				SWIFT_VERSION = 5.0;
				TARGETED_DEVICE_FAMILY = "1,2";
			};
			name = Release;
		};
		0A3202D82C1C67C900427B05 /* Debug */ = {
			isa = XCBuildConfiguration;
			buildSettings = {
				BUNDLE_LOADER = "$(TEST_HOST)";
				CODE_SIGN_STYLE = Automatic;
				CURRENT_PROJECT_VERSION = 1;
				DEVELOPMENT_TEAM = 653PNCT9WW;
				GENERATE_INFOPLIST_FILE = YES;
				IPHONEOS_DEPLOYMENT_TARGET = 15.0;
				MARKETING_VERSION = 1.0;
				PRODUCT_BUNDLE_IDENTIFIER = zipozt.DailyDeedsTests;
				PRODUCT_NAME = "$(TARGET_NAME)";
				SWIFT_EMIT_LOC_STRINGS = NO;
				SWIFT_VERSION = 5.0;
				TARGETED_DEVICE_FAMILY = "1,2";
				TEST_HOST = "$(BUILT_PRODUCTS_DIR)/DailyDeeds.app/$(BUNDLE_EXECUTABLE_FOLDER_PATH)/DailyDeeds";
			};
			name = Debug;
		};
		0A3202D92C1C67C900427B05 /* Release */ = {
			isa = XCBuildConfiguration;
			buildSettings = {
				BUNDLE_LOADER = "$(TEST_HOST)";
				CODE_SIGN_STYLE = Automatic;
				CURRENT_PROJECT_VERSION = 1;
				DEVELOPMENT_TEAM = 653PNCT9WW;
				GENERATE_INFOPLIST_FILE = YES;
				IPHONEOS_DEPLOYMENT_TARGET = 15.0;
				MARKETING_VERSION = 1.0;
				PRODUCT_BUNDLE_IDENTIFIER = zipozt.DailyDeedsTests;
				PRODUCT_NAME = "$(TARGET_NAME)";
				SWIFT_EMIT_LOC_STRINGS = NO;
				SWIFT_VERSION = 5.0;
				TARGETED_DEVICE_FAMILY = "1,2";
				TEST_HOST = "$(BUILT_PRODUCTS_DIR)/DailyDeeds.app/$(BUNDLE_EXECUTABLE_FOLDER_PATH)/DailyDeeds";
			};
			name = Release;
		};
		0A3202DB2C1C67C900427B05 /* Debug */ = {
			isa = XCBuildConfiguration;
			buildSettings = {
				CODE_SIGN_STYLE = Automatic;
				CURRENT_PROJECT_VERSION = 1;
				DEVELOPMENT_TEAM = 653PNCT9WW;
				GENERATE_INFOPLIST_FILE = YES;
				MARKETING_VERSION = 1.0;
				PRODUCT_BUNDLE_IDENTIFIER = zipozt.DailyDeedsUITests;
				PRODUCT_NAME = "$(TARGET_NAME)";
				SWIFT_EMIT_LOC_STRINGS = NO;
				SWIFT_VERSION = 5.0;
				TARGETED_DEVICE_FAMILY = "1,2";
				TEST_TARGET_NAME = DailyDeeds;
			};
			name = Debug;
		};
		0A3202DC2C1C67C900427B05 /* Release */ = {
			isa = XCBuildConfiguration;
			buildSettings = {
				CODE_SIGN_STYLE = Automatic;
				CURRENT_PROJECT_VERSION = 1;
				DEVELOPMENT_TEAM = 653PNCT9WW;
				GENERATE_INFOPLIST_FILE = YES;
				MARKETING_VERSION = 1.0;
				PRODUCT_BUNDLE_IDENTIFIER = zipozt.DailyDeedsUITests;
				PRODUCT_NAME = "$(TARGET_NAME)";
				SWIFT_EMIT_LOC_STRINGS = NO;
				SWIFT_VERSION = 5.0;
				TARGETED_DEVICE_FAMILY = "1,2";
				TEST_TARGET_NAME = DailyDeeds;
			};
			name = Release;
		};
/* End XCBuildConfiguration section */

/* Begin XCConfigurationList section */
		0A3202AB2C1C67C800427B05 /* Build configuration list for PBXProject "DailyDeeds" */ = {
			isa = XCConfigurationList;
			buildConfigurations = (
				0A3202D22C1C67C900427B05 /* Debug */,
				0A3202D32C1C67C900427B05 /* Release */,
			);
			defaultConfigurationIsVisible = 0;
			defaultConfigurationName = Release;
		};
		0A3202D42C1C67C900427B05 /* Build configuration list for PBXNativeTarget "DailyDeeds" */ = {
			isa = XCConfigurationList;
			buildConfigurations = (
				0A3202D52C1C67C900427B05 /* Debug */,
				0A3202D62C1C67C900427B05 /* Release */,
			);
			defaultConfigurationIsVisible = 0;
			defaultConfigurationName = Release;
		};
		0A3202D72C1C67C900427B05 /* Build configuration list for PBXNativeTarget "DailyDeedsTests" */ = {
			isa = XCConfigurationList;
			buildConfigurations = (
				0A3202D82C1C67C900427B05 /* Debug */,
				0A3202D92C1C67C900427B05 /* Release */,
			);
			defaultConfigurationIsVisible = 0;
			defaultConfigurationName = Release;
		};
		0A3202DA2C1C67C900427B05 /* Build configuration list for PBXNativeTarget "DailyDeedsUITests" */ = {
			isa = XCConfigurationList;
			buildConfigurations = (
				0A3202DB2C1C67C900427B05 /* Debug */,
				0A3202DC2C1C67C900427B05 /* Release */,
			);
			defaultConfigurationIsVisible = 0;
			defaultConfigurationName = Release;
		};
/* End XCConfigurationList section */

/* Begin XCRemoteSwiftPackageReference section */
		0A63EC6B2C1CD38D005ED49D /* XCRemoteSwiftPackageReference "R" */ = {
			isa = XCRemoteSwiftPackageReference;
			repositoryURL = "https://github.com/mac-cain13/R.swift";
			requirement = {
				kind = upToNextMajorVersion;
				minimumVersion = 7.5.0;
			};
		};
/* End XCRemoteSwiftPackageReference section */

/* Begin XCSwiftPackageProductDependency section */
		0A1DCE092C1DD4E100E98993 /* RswiftGenerateInternalResources */ = {
			isa = XCSwiftPackageProductDependency;
			package = 0A63EC6B2C1CD38D005ED49D /* XCRemoteSwiftPackageReference "R" */;
			productName = "plugin:RswiftGenerateInternalResources";
		};
		0A63EC6C2C1CD38D005ED49D /* RswiftLibrary */ = {
			isa = XCSwiftPackageProductDependency;
			package = 0A63EC6B2C1CD38D005ED49D /* XCRemoteSwiftPackageReference "R" */;
			productName = RswiftLibrary;
		};
		0AE35ED12C1E3C83003628BC /* RswiftGenerateInternalResources */ = {
			isa = XCSwiftPackageProductDependency;
			package = 0A63EC6B2C1CD38D005ED49D /* XCRemoteSwiftPackageReference "R" */;
			productName = "plugin:RswiftGenerateInternalResources";
		};
/* End XCSwiftPackageProductDependency section */
	};
	rootObject = 0A3202A82C1C67C800427B05 /* Project object */;
}
